{
  "pins" : [
    {
      "identity" : "domain",
      "kind" : "remoteSourceControl",
      "location" : "https://github.com/ehddnr3473/Domain.git",
      "state" : {
        "revision" : "ab66c1acce7e06bbe80b6aa9104f1ca7976cee6e",
        "version" : "0.0.2"
      }
    },
    {
      "identity" : "jgprogresshud",
      "kind" : "remoteSourceControl",
      "location" : "https://github.com/JonasGessner/JGProgressHUD.git",
      "state" : {
        "revision" : "78d7cd35f1d90ff74fd82e486f2cbe4b24be8cf9",
        "version" : "2.2.0"
      }
    },
    {
      "identity" : "snapkit",
      "kind" : "remoteSourceControl",
      "location" : "https://github.com/SnapKit/SnapKit.git",
      "state" : {
        "revision" : "f222cbdf325885926566172f6f5f06af95473158",
        "version" : "5.6.0"
      }
    }
  ],
  "version" : 2
}
