// !$*UTF8*$!
{
	archiveVersion = 1;
	classes = {
	};
	objectVersion = 56;
	objects = {

/* Begin PBXBuildFile section */
		6B37A4A429515C4E00BBB8EE /* SnapKit in Frameworks */ = {isa = PBXBuildFile; productRef = 6B37A4A329515C4E00BBB8EE /* SnapKit */; };
		6B37A4A729515DBB00BBB8EE /* AppNamespace.swift in Sources */ = {isa = PBXBuildFile; fileRef = 6B37A4A629515DBB00BBB8EE /* AppNamespace.swift */; };
		6B37A4A929515F3900BBB8EE /* PlanTableViewCell.swift in Sources */ = {isa = PBXBuildFile; fileRef = 6B37A4A829515F3900BBB8EE /* PlanTableViewCell.swift */; };
		6B37A4AD2951639000BBB8EE /* WritingPlanView.swift in Sources */ = {isa = PBXBuildFile; fileRef = 6B37A4AC2951639000BBB8EE /* WritingPlanView.swift */; };
		6B37A4B0295163E100BBB8EE /* Writable.swift in Sources */ = {isa = PBXBuildFile; fileRef = 6B37A4AF295163E100BBB8EE /* Writable.swift */; };
		6B46FA0629513D4A000430C7 /* AppDelegate.swift in Sources */ = {isa = PBXBuildFile; fileRef = 6B46FA0529513D4A000430C7 /* AppDelegate.swift */; };
		6B46FA0829513D4A000430C7 /* SceneDelegate.swift in Sources */ = {isa = PBXBuildFile; fileRef = 6B46FA0729513D4A000430C7 /* SceneDelegate.swift */; };
		6B46FA0F29513D4C000430C7 /* Assets.xcassets in Resources */ = {isa = PBXBuildFile; fileRef = 6B46FA0E29513D4C000430C7 /* Assets.xcassets */; };
		6B46FA1229513D4C000430C7 /* LaunchScreen.storyboard in Resources */ = {isa = PBXBuildFile; fileRef = 6B46FA1029513D4C000430C7 /* LaunchScreen.storyboard */; };
		6B46FA1D29513D4C000430C7 /* YeolmokTravelTests.swift in Sources */ = {isa = PBXBuildFile; fileRef = 6B46FA1C29513D4C000430C7 /* YeolmokTravelTests.swift */; };
		6B46FA2729513D4C000430C7 /* YeolmokTravelUITests.swift in Sources */ = {isa = PBXBuildFile; fileRef = 6B46FA2629513D4C000430C7 /* YeolmokTravelUITests.swift */; };
		6B46FA2929513D4C000430C7 /* YeolmokTravelUITestsLaunchTests.swift in Sources */ = {isa = PBXBuildFile; fileRef = 6B46FA2829513D4C000430C7 /* YeolmokTravelUITestsLaunchTests.swift */; };
		6B46FA3729513DDB000430C7 /* TabBarController.swift in Sources */ = {isa = PBXBuildFile; fileRef = 6B46FA3629513DDB000430C7 /* TabBarController.swift */; };
		6B46FA3C29514094000430C7 /* ScheduleView.swift in Sources */ = {isa = PBXBuildFile; fileRef = 6B46FA3B29514094000430C7 /* ScheduleView.swift */; };
		6B46FA3F295140E9000430C7 /* PlanView.swift in Sources */ = {isa = PBXBuildFile; fileRef = 6B46FA3E295140E9000430C7 /* PlanView.swift */; };
		6B46FA4129514340000430C7 /* GoogleService-Info.plist in Resources */ = {isa = PBXBuildFile; fileRef = 6B46FA4029514340000430C7 /* GoogleService-Info.plist */; };
		6B46FA4429514562000430C7 /* FirebaseFirestore in Frameworks */ = {isa = PBXBuildFile; productRef = 6B46FA4329514562000430C7 /* FirebaseFirestore */; };
/* End PBXBuildFile section */

/* Begin PBXContainerItemProxy section */
		6B46FA1929513D4C000430C7 /* PBXContainerItemProxy */ = {
			isa = PBXContainerItemProxy;
			containerPortal = 6B46F9FA29513D4A000430C7 /* Project object */;
			proxyType = 1;
			remoteGlobalIDString = 6B46FA0129513D4A000430C7;
			remoteInfo = YeolmokTravel;
		};
		6B46FA2329513D4C000430C7 /* PBXContainerItemProxy */ = {
			isa = PBXContainerItemProxy;
			containerPortal = 6B46F9FA29513D4A000430C7 /* Project object */;
			proxyType = 1;
			remoteGlobalIDString = 6B46FA0129513D4A000430C7;
			remoteInfo = YeolmokTravel;
		};
/* End PBXContainerItemProxy section */

/* Begin PBXFileReference section */
		6B37A4A629515DBB00BBB8EE /* AppNamespace.swift */ = {isa = PBXFileReference; lastKnownFileType = sourcecode.swift; path = AppNamespace.swift; sourceTree = "<group>"; };
		6B37A4A829515F3900BBB8EE /* PlanTableViewCell.swift */ = {isa = PBXFileReference; lastKnownFileType = sourcecode.swift; path = PlanTableViewCell.swift; sourceTree = "<group>"; };
		6B37A4AC2951639000BBB8EE /* WritingPlanView.swift */ = {isa = PBXFileReference; lastKnownFileType = sourcecode.swift; path = WritingPlanView.swift; sourceTree = "<group>"; };
		6B37A4AF295163E100BBB8EE /* Writable.swift */ = {isa = PBXFileReference; lastKnownFileType = sourcecode.swift; path = Writable.swift; sourceTree = "<group>"; };
		6B46FA0229513D4A000430C7 /* YeolmokTravel.app */ = {isa = PBXFileReference; explicitFileType = wrapper.application; includeInIndex = 0; path = YeolmokTravel.app; sourceTree = BUILT_PRODUCTS_DIR; };
		6B46FA0529513D4A000430C7 /* AppDelegate.swift */ = {isa = PBXFileReference; lastKnownFileType = sourcecode.swift; path = AppDelegate.swift; sourceTree = "<group>"; };
		6B46FA0729513D4A000430C7 /* SceneDelegate.swift */ = {isa = PBXFileReference; lastKnownFileType = sourcecode.swift; path = SceneDelegate.swift; sourceTree = "<group>"; };
		6B46FA0E29513D4C000430C7 /* Assets.xcassets */ = {isa = PBXFileReference; lastKnownFileType = folder.assetcatalog; path = Assets.xcassets; sourceTree = "<group>"; };
		6B46FA1129513D4C000430C7 /* Base */ = {isa = PBXFileReference; lastKnownFileType = file.storyboard; name = Base; path = Base.lproj/LaunchScreen.storyboard; sourceTree = "<group>"; };
		6B46FA1329513D4C000430C7 /* Info.plist */ = {isa = PBXFileReference; lastKnownFileType = text.plist.xml; path = Info.plist; sourceTree = "<group>"; };
		6B46FA1829513D4C000430C7 /* YeolmokTravelTests.xctest */ = {isa = PBXFileReference; explicitFileType = wrapper.cfbundle; includeInIndex = 0; path = YeolmokTravelTests.xctest; sourceTree = BUILT_PRODUCTS_DIR; };
		6B46FA1C29513D4C000430C7 /* YeolmokTravelTests.swift */ = {isa = PBXFileReference; lastKnownFileType = sourcecode.swift; path = YeolmokTravelTests.swift; sourceTree = "<group>"; };
		6B46FA2229513D4C000430C7 /* YeolmokTravelUITests.xctest */ = {isa = PBXFileReference; explicitFileType = wrapper.cfbundle; includeInIndex = 0; path = YeolmokTravelUITests.xctest; sourceTree = BUILT_PRODUCTS_DIR; };
		6B46FA2629513D4C000430C7 /* YeolmokTravelUITests.swift */ = {isa = PBXFileReference; lastKnownFileType = sourcecode.swift; path = YeolmokTravelUITests.swift; sourceTree = "<group>"; };
		6B46FA2829513D4C000430C7 /* YeolmokTravelUITestsLaunchTests.swift */ = {isa = PBXFileReference; lastKnownFileType = sourcecode.swift; path = YeolmokTravelUITestsLaunchTests.swift; sourceTree = "<group>"; };
		6B46FA3629513DDB000430C7 /* TabBarController.swift */ = {isa = PBXFileReference; lastKnownFileType = sourcecode.swift; path = TabBarController.swift; sourceTree = "<group>"; };
		6B46FA3B29514094000430C7 /* ScheduleView.swift */ = {isa = PBXFileReference; lastKnownFileType = sourcecode.swift; path = ScheduleView.swift; sourceTree = "<group>"; };
		6B46FA3E295140E9000430C7 /* PlanView.swift */ = {isa = PBXFileReference; lastKnownFileType = sourcecode.swift; path = PlanView.swift; sourceTree = "<group>"; };
		6B46FA4029514340000430C7 /* GoogleService-Info.plist */ = {isa = PBXFileReference; fileEncoding = 4; lastKnownFileType = text.plist.xml; path = "GoogleService-Info.plist"; sourceTree = "<group>"; };
/* End PBXFileReference section */

/* Begin PBXFrameworksBuildPhase section */
		6B46F9FF29513D4A000430C7 /* Frameworks */ = {
			isa = PBXFrameworksBuildPhase;
			buildActionMask = 2147483647;
			files = (
				6B46FA4429514562000430C7 /* FirebaseFirestore in Frameworks */,
				6B37A4A429515C4E00BBB8EE /* SnapKit in Frameworks */,
			);
			runOnlyForDeploymentPostprocessing = 0;
		};
		6B46FA1529513D4C000430C7 /* Frameworks */ = {
			isa = PBXFrameworksBuildPhase;
			buildActionMask = 2147483647;
			files = (
			);
			runOnlyForDeploymentPostprocessing = 0;
		};
		6B46FA1F29513D4C000430C7 /* Frameworks */ = {
			isa = PBXFrameworksBuildPhase;
			buildActionMask = 2147483647;
			files = (
			);
			runOnlyForDeploymentPostprocessing = 0;
		};
/* End PBXFrameworksBuildPhase section */

/* Begin PBXGroup section */
		6B37A4A529515D9D00BBB8EE /* Utilities */ = {
			isa = PBXGroup;
			children = (
				6B37A4A629515DBB00BBB8EE /* AppNamespace.swift */,
			);
			path = Utilities;
			sourceTree = "<group>";
		};
		6B37A4AB2951637700BBB8EE /* WritingPlan */ = {
			isa = PBXGroup;
			children = (
				6B37A4AC2951639000BBB8EE /* WritingPlanView.swift */,
			);
			path = WritingPlan;
			sourceTree = "<group>";
		};
		6B37A4AE295163C900BBB8EE /* Protocols */ = {
			isa = PBXGroup;
			children = (
				6B37A4AF295163E100BBB8EE /* Writable.swift */,
			);
			path = Protocols;
			sourceTree = "<group>";
		};
		6B46F9F929513D4A000430C7 = {
			isa = PBXGroup;
			children = (
				6B46FA0429513D4A000430C7 /* YeolmokTravel */,
				6B46FA1B29513D4C000430C7 /* YeolmokTravelTests */,
				6B46FA2529513D4C000430C7 /* YeolmokTravelUITests */,
				6B46FA0329513D4A000430C7 /* Products */,
			);
			sourceTree = "<group>";
		};
		6B46FA0329513D4A000430C7 /* Products */ = {
			isa = PBXGroup;
			children = (
				6B46FA0229513D4A000430C7 /* YeolmokTravel.app */,
				6B46FA1829513D4C000430C7 /* YeolmokTravelTests.xctest */,
				6B46FA2229513D4C000430C7 /* YeolmokTravelUITests.xctest */,
			);
			name = Products;
			sourceTree = "<group>";
		};
		6B46FA0429513D4A000430C7 /* YeolmokTravel */ = {
			isa = PBXGroup;
			children = (
				6B46FA3529513DA2000430C7 /* Delegate */,
				6B37A4AE295163C900BBB8EE /* Protocols */,
				6B46FA3829513DE7000430C7 /* TabBar */,
				6B46FA3A2951406A000430C7 /* Schedule */,
				6B46FA3D295140CD000430C7 /* Todo */,
				6B37A4A529515D9D00BBB8EE /* Utilities */,
				6B46FA0E29513D4C000430C7 /* Assets.xcassets */,
				6B46FA1029513D4C000430C7 /* LaunchScreen.storyboard */,
				6B46FA1329513D4C000430C7 /* Info.plist */,
				6B46FA4029514340000430C7 /* GoogleService-Info.plist */,
			);
			path = YeolmokTravel;
			sourceTree = "<group>";
		};
		6B46FA1B29513D4C000430C7 /* YeolmokTravelTests */ = {
			isa = PBXGroup;
			children = (
				6B46FA1C29513D4C000430C7 /* YeolmokTravelTests.swift */,
			);
			path = YeolmokTravelTests;
			sourceTree = "<group>";
		};
		6B46FA2529513D4C000430C7 /* YeolmokTravelUITests */ = {
			isa = PBXGroup;
			children = (
				6B46FA2629513D4C000430C7 /* YeolmokTravelUITests.swift */,
				6B46FA2829513D4C000430C7 /* YeolmokTravelUITestsLaunchTests.swift */,
			);
			path = YeolmokTravelUITests;
			sourceTree = "<group>";
		};
		6B46FA3529513DA2000430C7 /* Delegate */ = {
			isa = PBXGroup;
			children = (
				6B46FA0529513D4A000430C7 /* AppDelegate.swift */,
				6B46FA0729513D4A000430C7 /* SceneDelegate.swift */,
			);
			path = Delegate;
			sourceTree = "<group>";
		};
		6B46FA3829513DE7000430C7 /* TabBar */ = {
			isa = PBXGroup;
			children = (
				6B46FA3629513DDB000430C7 /* TabBarController.swift */,
			);
			path = TabBar;
			sourceTree = "<group>";
		};
		6B46FA3A2951406A000430C7 /* Schedule */ = {
			isa = PBXGroup;
			children = (
				6B46FA3B29514094000430C7 /* ScheduleView.swift */,
			);
			path = Schedule;
			sourceTree = "<group>";
		};
		6B46FA3D295140CD000430C7 /* Todo */ = {
			isa = PBXGroup;
			children = (
				6B37A4AB2951637700BBB8EE /* WritingPlan */,
				6B46FA3E295140E9000430C7 /* PlanView.swift */,
				6B37A4A829515F3900BBB8EE /* PlanTableViewCell.swift */,
			);
			path = Todo;
			sourceTree = "<group>";
		};
/* End PBXGroup section */

/* Begin PBXNativeTarget section */
		6B46FA0129513D4A000430C7 /* YeolmokTravel */ = {
			isa = PBXNativeTarget;
			buildConfigurationList = 6B46FA2C29513D4C000430C7 /* Build configuration list for PBXNativeTarget "YeolmokTravel" */;
			buildPhases = (
				6B46F9FE29513D4A000430C7 /* Sources */,
				6B46F9FF29513D4A000430C7 /* Frameworks */,
				6B46FA0029513D4A000430C7 /* Resources */,
			);
			buildRules = (
			);
			dependencies = (
			);
			name = YeolmokTravel;
			packageProductDependencies = (
				6B46FA4329514562000430C7 /* FirebaseFirestore */,
				6B37A4A329515C4E00BBB8EE /* SnapKit */,
			);
			productName = YeolmokTravel;
			productReference = 6B46FA0229513D4A000430C7 /* YeolmokTravel.app */;
			productType = "com.apple.product-type.application";
		};
		6B46FA1729513D4C000430C7 /* YeolmokTravelTests */ = {
			isa = PBXNativeTarget;
			buildConfigurationList = 6B46FA2F29513D4C000430C7 /* Build configuration list for PBXNativeTarget "YeolmokTravelTests" */;
			buildPhases = (
				6B46FA1429513D4C000430C7 /* Sources */,
				6B46FA1529513D4C000430C7 /* Frameworks */,
				6B46FA1629513D4C000430C7 /* Resources */,
			);
			buildRules = (
			);
			dependencies = (
				6B46FA1A29513D4C000430C7 /* PBXTargetDependency */,
			);
			name = YeolmokTravelTests;
			productName = YeolmokTravelTests;
			productReference = 6B46FA1829513D4C000430C7 /* YeolmokTravelTests.xctest */;
			productType = "com.apple.product-type.bundle.unit-test";
		};
		6B46FA2129513D4C000430C7 /* YeolmokTravelUITests */ = {
			isa = PBXNativeTarget;
			buildConfigurationList = 6B46FA3229513D4C000430C7 /* Build configuration list for PBXNativeTarget "YeolmokTravelUITests" */;
			buildPhases = (
				6B46FA1E29513D4C000430C7 /* Sources */,
				6B46FA1F29513D4C000430C7 /* Frameworks */,
				6B46FA2029513D4C000430C7 /* Resources */,
			);
			buildRules = (
			);
			dependencies = (
				6B46FA2429513D4C000430C7 /* PBXTargetDependency */,
			);
			name = YeolmokTravelUITests;
			productName = YeolmokTravelUITests;
			productReference = 6B46FA2229513D4C000430C7 /* YeolmokTravelUITests.xctest */;
			productType = "com.apple.product-type.bundle.ui-testing";
		};
/* End PBXNativeTarget section */

/* Begin PBXProject section */
		6B46F9FA29513D4A000430C7 /* Project object */ = {
			isa = PBXProject;
			attributes = {
				BuildIndependentTargetsInParallel = 1;
				LastSwiftUpdateCheck = 1420;
				LastUpgradeCheck = 1420;
				TargetAttributes = {
					6B46FA0129513D4A000430C7 = {
						CreatedOnToolsVersion = 14.2;
					};
					6B46FA1729513D4C000430C7 = {
						CreatedOnToolsVersion = 14.2;
						TestTargetID = 6B46FA0129513D4A000430C7;
					};
					6B46FA2129513D4C000430C7 = {
						CreatedOnToolsVersion = 14.2;
						TestTargetID = 6B46FA0129513D4A000430C7;
					};
				};
			};
			buildConfigurationList = 6B46F9FD29513D4A000430C7 /* Build configuration list for PBXProject "YeolmokTravel" */;
			compatibilityVersion = "Xcode 14.0";
			developmentRegion = en;
			hasScannedForEncodings = 0;
			knownRegions = (
				en,
				Base,
			);
			mainGroup = 6B46F9F929513D4A000430C7;
			packageReferences = (
				6B46FA4229514562000430C7 /* XCRemoteSwiftPackageReference "firebase-ios-sdk" */,
				6B37A4A229515C4D00BBB8EE /* XCRemoteSwiftPackageReference "SnapKit" */,
			);
			productRefGroup = 6B46FA0329513D4A000430C7 /* Products */;
			projectDirPath = "";
			projectRoot = "";
			targets = (
				6B46FA0129513D4A000430C7 /* YeolmokTravel */,
				6B46FA1729513D4C000430C7 /* YeolmokTravelTests */,
				6B46FA2129513D4C000430C7 /* YeolmokTravelUITests */,
			);
		};
/* End PBXProject section */

/* Begin PBXResourcesBuildPhase section */
		6B46FA0029513D4A000430C7 /* Resources */ = {
			isa = PBXResourcesBuildPhase;
			buildActionMask = 2147483647;
			files = (
				6B46FA1229513D4C000430C7 /* LaunchScreen.storyboard in Resources */,
				6B46FA0F29513D4C000430C7 /* Assets.xcassets in Resources */,
				6B46FA4129514340000430C7 /* GoogleService-Info.plist in Resources */,
			);
			runOnlyForDeploymentPostprocessing = 0;
		};
		6B46FA1629513D4C000430C7 /* Resources */ = {
			isa = PBXResourcesBuildPhase;
			buildActionMask = 2147483647;
			files = (
			);
			runOnlyForDeploymentPostprocessing = 0;
		};
		6B46FA2029513D4C000430C7 /* Resources */ = {
			isa = PBXResourcesBuildPhase;
			buildActionMask = 2147483647;
			files = (
			);
			runOnlyForDeploymentPostprocessing = 0;
		};
/* End PBXResourcesBuildPhase section */

/* Begin PBXSourcesBuildPhase section */
		6B46F9FE29513D4A000430C7 /* Sources */ = {
			isa = PBXSourcesBuildPhase;
			buildActionMask = 2147483647;
			files = (
				6B37A4B0295163E100BBB8EE /* Writable.swift in Sources */,
				6B46FA3F295140E9000430C7 /* PlanView.swift in Sources */,
				6B37A4A929515F3900BBB8EE /* PlanTableViewCell.swift in Sources */,
				6B37A4AD2951639000BBB8EE /* WritingPlanView.swift in Sources */,
				6B37A4A729515DBB00BBB8EE /* AppNamespace.swift in Sources */,
				6B46FA3C29514094000430C7 /* ScheduleView.swift in Sources */,
				6B46FA3729513DDB000430C7 /* TabBarController.swift in Sources */,
				6B46FA0629513D4A000430C7 /* AppDelegate.swift in Sources */,
				6B46FA0829513D4A000430C7 /* SceneDelegate.swift in Sources */,
			);
			runOnlyForDeploymentPostprocessing = 0;
		};
		6B46FA1429513D4C000430C7 /* Sources */ = {
			isa = PBXSourcesBuildPhase;
			buildActionMask = 2147483647;
			files = (
				6B46FA1D29513D4C000430C7 /* YeolmokTravelTests.swift in Sources */,
			);
			runOnlyForDeploymentPostprocessing = 0;
		};
		6B46FA1E29513D4C000430C7 /* Sources */ = {
			isa = PBXSourcesBuildPhase;
			buildActionMask = 2147483647;
			files = (
				6B46FA2729513D4C000430C7 /* YeolmokTravelUITests.swift in Sources */,
				6B46FA2929513D4C000430C7 /* YeolmokTravelUITestsLaunchTests.swift in Sources */,
			);
			runOnlyForDeploymentPostprocessing = 0;
		};
/* End PBXSourcesBuildPhase section */

/* Begin PBXTargetDependency section */
		6B46FA1A29513D4C000430C7 /* PBXTargetDependency */ = {
			isa = PBXTargetDependency;
			target = 6B46FA0129513D4A000430C7 /* YeolmokTravel */;
			targetProxy = 6B46FA1929513D4C000430C7 /* PBXContainerItemProxy */;
		};
		6B46FA2429513D4C000430C7 /* PBXTargetDependency */ = {
			isa = PBXTargetDependency;
			target = 6B46FA0129513D4A000430C7 /* YeolmokTravel */;
			targetProxy = 6B46FA2329513D4C000430C7 /* PBXContainerItemProxy */;
		};
/* End PBXTargetDependency section */

/* Begin PBXVariantGroup section */
		6B46FA1029513D4C000430C7 /* LaunchScreen.storyboard */ = {
			isa = PBXVariantGroup;
			children = (
				6B46FA1129513D4C000430C7 /* Base */,
			);
			name = LaunchScreen.storyboard;
			sourceTree = "<group>";
		};
/* End PBXVariantGroup section */

/* Begin XCBuildConfiguration section */
		6B46FA2A29513D4C000430C7 /* Debug */ = {
			isa = XCBuildConfiguration;
			buildSettings = {
				ALWAYS_SEARCH_USER_PATHS = NO;
				CLANG_ANALYZER_NONNULL = YES;
				CLANG_ANALYZER_NUMBER_OBJECT_CONVERSION = YES_AGGRESSIVE;
				CLANG_CXX_LANGUAGE_STANDARD = "gnu++20";
				CLANG_ENABLE_MODULES = YES;
				CLANG_ENABLE_OBJC_ARC = YES;
				CLANG_ENABLE_OBJC_WEAK = YES;
				CLANG_WARN_BLOCK_CAPTURE_AUTORELEASING = YES;
				CLANG_WARN_BOOL_CONVERSION = YES;
				CLANG_WARN_COMMA = YES;
				CLANG_WARN_CONSTANT_CONVERSION = YES;
				CLANG_WARN_DEPRECATED_OBJC_IMPLEMENTATIONS = YES;
				CLANG_WARN_DIRECT_OBJC_ISA_USAGE = YES_ERROR;
				CLANG_WARN_DOCUMENTATION_COMMENTS = YES;
				CLANG_WARN_EMPTY_BODY = YES;
				CLANG_WARN_ENUM_CONVERSION = YES;
				CLANG_WARN_INFINITE_RECURSION = YES;
				CLANG_WARN_INT_CONVERSION = YES;
				CLANG_WARN_NON_LITERAL_NULL_CONVERSION = YES;
				CLANG_WARN_OBJC_IMPLICIT_RETAIN_SELF = YES;
				CLANG_WARN_OBJC_LITERAL_CONVERSION = YES;
				CLANG_WARN_OBJC_ROOT_CLASS = YES_ERROR;
				CLANG_WARN_QUOTED_INCLUDE_IN_FRAMEWORK_HEADER = YES;
				CLANG_WARN_RANGE_LOOP_ANALYSIS = YES;
				CLANG_WARN_STRICT_PROTOTYPES = YES;
				CLANG_WARN_SUSPICIOUS_MOVE = YES;
				CLANG_WARN_UNGUARDED_AVAILABILITY = YES_AGGRESSIVE;
				CLANG_WARN_UNREACHABLE_CODE = YES;
				CLANG_WARN__DUPLICATE_METHOD_MATCH = YES;
				COPY_PHASE_STRIP = NO;
				DEBUG_INFORMATION_FORMAT = dwarf;
				ENABLE_STRICT_OBJC_MSGSEND = YES;
				ENABLE_TESTABILITY = YES;
				GCC_C_LANGUAGE_STANDARD = gnu11;
				GCC_DYNAMIC_NO_PIC = NO;
				GCC_NO_COMMON_BLOCKS = YES;
				GCC_OPTIMIZATION_LEVEL = 0;
				GCC_PREPROCESSOR_DEFINITIONS = (
					"DEBUG=1",
					"$(inherited)",
				);
				GCC_WARN_64_TO_32_BIT_CONVERSION = YES;
				GCC_WARN_ABOUT_RETURN_TYPE = YES_ERROR;
				GCC_WARN_UNDECLARED_SELECTOR = YES;
				GCC_WARN_UNINITIALIZED_AUTOS = YES_AGGRESSIVE;
				GCC_WARN_UNUSED_FUNCTION = YES;
				GCC_WARN_UNUSED_VARIABLE = YES;
				IPHONEOS_DEPLOYMENT_TARGET = 16.2;
				MTL_ENABLE_DEBUG_INFO = INCLUDE_SOURCE;
				MTL_FAST_MATH = YES;
				ONLY_ACTIVE_ARCH = YES;
				SDKROOT = iphoneos;
				SWIFT_ACTIVE_COMPILATION_CONDITIONS = DEBUG;
				SWIFT_OPTIMIZATION_LEVEL = "-Onone";
			};
			name = Debug;
		};
		6B46FA2B29513D4C000430C7 /* Release */ = {
			isa = XCBuildConfiguration;
			buildSettings = {
				ALWAYS_SEARCH_USER_PATHS = NO;
				CLANG_ANALYZER_NONNULL = YES;
				CLANG_ANALYZER_NUMBER_OBJECT_CONVERSION = YES_AGGRESSIVE;
				CLANG_CXX_LANGUAGE_STANDARD = "gnu++20";
				CLANG_ENABLE_MODULES = YES;
				CLANG_ENABLE_OBJC_ARC = YES;
				CLANG_ENABLE_OBJC_WEAK = YES;
				CLANG_WARN_BLOCK_CAPTURE_AUTORELEASING = YES;
				CLANG_WARN_BOOL_CONVERSION = YES;
				CLANG_WARN_COMMA = YES;
				CLANG_WARN_CONSTANT_CONVERSION = YES;
				CLANG_WARN_DEPRECATED_OBJC_IMPLEMENTATIONS = YES;
				CLANG_WARN_DIRECT_OBJC_ISA_USAGE = YES_ERROR;
				CLANG_WARN_DOCUMENTATION_COMMENTS = YES;
				CLANG_WARN_EMPTY_BODY = YES;
				CLANG_WARN_ENUM_CONVERSION = YES;
				CLANG_WARN_INFINITE_RECURSION = YES;
				CLANG_WARN_INT_CONVERSION = YES;
				CLANG_WARN_NON_LITERAL_NULL_CONVERSION = YES;
				CLANG_WARN_OBJC_IMPLICIT_RETAIN_SELF = YES;
				CLANG_WARN_OBJC_LITERAL_CONVERSION = YES;
				CLANG_WARN_OBJC_ROOT_CLASS = YES_ERROR;
				CLANG_WARN_QUOTED_INCLUDE_IN_FRAMEWORK_HEADER = YES;
				CLANG_WARN_RANGE_LOOP_ANALYSIS = YES;
				CLANG_WARN_STRICT_PROTOTYPES = YES;
				CLANG_WARN_SUSPICIOUS_MOVE = YES;
				CLANG_WARN_UNGUARDED_AVAILABILITY = YES_AGGRESSIVE;
				CLANG_WARN_UNREACHABLE_CODE = YES;
				CLANG_WARN__DUPLICATE_METHOD_MATCH = YES;
				COPY_PHASE_STRIP = NO;
				DEBUG_INFORMATION_FORMAT = "dwarf-with-dsym";
				ENABLE_NS_ASSERTIONS = NO;
				ENABLE_STRICT_OBJC_MSGSEND = YES;
				GCC_C_LANGUAGE_STANDARD = gnu11;
				GCC_NO_COMMON_BLOCKS = YES;
				GCC_WARN_64_TO_32_BIT_CONVERSION = YES;
				GCC_WARN_ABOUT_RETURN_TYPE = YES_ERROR;
				GCC_WARN_UNDECLARED_SELECTOR = YES;
				GCC_WARN_UNINITIALIZED_AUTOS = YES_AGGRESSIVE;
				GCC_WARN_UNUSED_FUNCTION = YES;
				GCC_WARN_UNUSED_VARIABLE = YES;
				IPHONEOS_DEPLOYMENT_TARGET = 16.2;
				MTL_ENABLE_DEBUG_INFO = NO;
				MTL_FAST_MATH = YES;
				SDKROOT = iphoneos;
				SWIFT_COMPILATION_MODE = wholemodule;
				SWIFT_OPTIMIZATION_LEVEL = "-O";
				VALIDATE_PRODUCT = YES;
			};
			name = Release;
		};
		6B46FA2D29513D4C000430C7 /* Debug */ = {
			isa = XCBuildConfiguration;
			buildSettings = {
				ASSETCATALOG_COMPILER_APPICON_NAME = AppIcon;
				ASSETCATALOG_COMPILER_GLOBAL_ACCENT_COLOR_NAME = AccentColor;
				CODE_SIGN_STYLE = Automatic;
				CURRENT_PROJECT_VERSION = 1;
				DEVELOPMENT_TEAM = 65KV6R2AGS;
				GENERATE_INFOPLIST_FILE = YES;
				INFOPLIST_FILE = YeolmokTravel/Info.plist;
				INFOPLIST_KEY_UIApplicationSupportsIndirectInputEvents = YES;
				INFOPLIST_KEY_UILaunchStoryboardName = LaunchScreen;
				INFOPLIST_KEY_UISupportedInterfaceOrientations_iPad = "UIInterfaceOrientationPortrait UIInterfaceOrientationPortraitUpsideDown UIInterfaceOrientationLandscapeLeft UIInterfaceOrientationLandscapeRight";
				INFOPLIST_KEY_UISupportedInterfaceOrientations_iPhone = "UIInterfaceOrientationPortrait UIInterfaceOrientationLandscapeLeft UIInterfaceOrientationLandscapeRight";
				LD_RUNPATH_SEARCH_PATHS = (
					"$(inherited)",
					"@executable_path/Frameworks",
				);
				MARKETING_VERSION = 1.0;
				PRODUCT_BUNDLE_IDENTIFIER = Yeolmok.YeolmokTravel;
				PRODUCT_NAME = "$(TARGET_NAME)";
				SWIFT_EMIT_LOC_STRINGS = YES;
				SWIFT_VERSION = 5.0;
				TARGETED_DEVICE_FAMILY = "1,2";
			};
			name = Debug;
		};
		6B46FA2E29513D4C000430C7 /* Release */ = {
			isa = XCBuildConfiguration;
			buildSettings = {
				ASSETCATALOG_COMPILER_APPICON_NAME = AppIcon;
				ASSETCATALOG_COMPILER_GLOBAL_ACCENT_COLOR_NAME = AccentColor;
				CODE_SIGN_STYLE = Automatic;
				CURRENT_PROJECT_VERSION = 1;
				DEVELOPMENT_TEAM = 65KV6R2AGS;
				GENERATE_INFOPLIST_FILE = YES;
				INFOPLIST_FILE = YeolmokTravel/Info.plist;
				INFOPLIST_KEY_UIApplicationSupportsIndirectInputEvents = YES;
				INFOPLIST_KEY_UILaunchStoryboardName = LaunchScreen;
				INFOPLIST_KEY_UISupportedInterfaceOrientations_iPad = "UIInterfaceOrientationPortrait UIInterfaceOrientationPortraitUpsideDown UIInterfaceOrientationLandscapeLeft UIInterfaceOrientationLandscapeRight";
				INFOPLIST_KEY_UISupportedInterfaceOrientations_iPhone = "UIInterfaceOrientationPortrait UIInterfaceOrientationLandscapeLeft UIInterfaceOrientationLandscapeRight";
				LD_RUNPATH_SEARCH_PATHS = (
					"$(inherited)",
					"@executable_path/Frameworks",
				);
				MARKETING_VERSION = 1.0;
				PRODUCT_BUNDLE_IDENTIFIER = Yeolmok.YeolmokTravel;
				PRODUCT_NAME = "$(TARGET_NAME)";
				SWIFT_EMIT_LOC_STRINGS = YES;
				SWIFT_VERSION = 5.0;
				TARGETED_DEVICE_FAMILY = "1,2";
			};
			name = Release;
		};
		6B46FA3029513D4C000430C7 /* Debug */ = {
			isa = XCBuildConfiguration;
			buildSettings = {
				ALWAYS_EMBED_SWIFT_STANDARD_LIBRARIES = YES;
				BUNDLE_LOADER = "$(TEST_HOST)";
				CODE_SIGN_STYLE = Automatic;
				CURRENT_PROJECT_VERSION = 1;
				DEVELOPMENT_TEAM = 65KV6R2AGS;
				GENERATE_INFOPLIST_FILE = YES;
				IPHONEOS_DEPLOYMENT_TARGET = 16.2;
				MARKETING_VERSION = 1.0;
				PRODUCT_BUNDLE_IDENTIFIER = Yeolmok.YeolmokTravelTests;
				PRODUCT_NAME = "$(TARGET_NAME)";
				SWIFT_EMIT_LOC_STRINGS = NO;
				SWIFT_VERSION = 5.0;
				TARGETED_DEVICE_FAMILY = "1,2";
				TEST_HOST = "$(BUILT_PRODUCTS_DIR)/YeolmokTravel.app/$(BUNDLE_EXECUTABLE_FOLDER_PATH)/YeolmokTravel";
			};
			name = Debug;
		};
		6B46FA3129513D4C000430C7 /* Release */ = {
			isa = XCBuildConfiguration;
			buildSettings = {
				ALWAYS_EMBED_SWIFT_STANDARD_LIBRARIES = YES;
				BUNDLE_LOADER = "$(TEST_HOST)";
				CODE_SIGN_STYLE = Automatic;
				CURRENT_PROJECT_VERSION = 1;
				DEVELOPMENT_TEAM = 65KV6R2AGS;
				GENERATE_INFOPLIST_FILE = YES;
				IPHONEOS_DEPLOYMENT_TARGET = 16.2;
				MARKETING_VERSION = 1.0;
				PRODUCT_BUNDLE_IDENTIFIER = Yeolmok.YeolmokTravelTests;
				PRODUCT_NAME = "$(TARGET_NAME)";
				SWIFT_EMIT_LOC_STRINGS = NO;
				SWIFT_VERSION = 5.0;
				TARGETED_DEVICE_FAMILY = "1,2";
				TEST_HOST = "$(BUILT_PRODUCTS_DIR)/YeolmokTravel.app/$(BUNDLE_EXECUTABLE_FOLDER_PATH)/YeolmokTravel";
			};
			name = Release;
		};
		6B46FA3329513D4C000430C7 /* Debug */ = {
			isa = XCBuildConfiguration;
			buildSettings = {
				ALWAYS_EMBED_SWIFT_STANDARD_LIBRARIES = YES;
				CODE_SIGN_STYLE = Automatic;
				CURRENT_PROJECT_VERSION = 1;
				DEVELOPMENT_TEAM = 65KV6R2AGS;
				GENERATE_INFOPLIST_FILE = YES;
				MARKETING_VERSION = 1.0;
				PRODUCT_BUNDLE_IDENTIFIER = Yeolmok.YeolmokTravelUITests;
				PRODUCT_NAME = "$(TARGET_NAME)";
				SWIFT_EMIT_LOC_STRINGS = NO;
				SWIFT_VERSION = 5.0;
				TARGETED_DEVICE_FAMILY = "1,2";
				TEST_TARGET_NAME = YeolmokTravel;
			};
			name = Debug;
		};
		6B46FA3429513D4C000430C7 /* Release */ = {
			isa = XCBuildConfiguration;
			buildSettings = {
				ALWAYS_EMBED_SWIFT_STANDARD_LIBRARIES = YES;
				CODE_SIGN_STYLE = Automatic;
				CURRENT_PROJECT_VERSION = 1;
				DEVELOPMENT_TEAM = 65KV6R2AGS;
				GENERATE_INFOPLIST_FILE = YES;
				MARKETING_VERSION = 1.0;
				PRODUCT_BUNDLE_IDENTIFIER = Yeolmok.YeolmokTravelUITests;
				PRODUCT_NAME = "$(TARGET_NAME)";
				SWIFT_EMIT_LOC_STRINGS = NO;
				SWIFT_VERSION = 5.0;
				TARGETED_DEVICE_FAMILY = "1,2";
				TEST_TARGET_NAME = YeolmokTravel;
			};
			name = Release;
		};
/* End XCBuildConfiguration section */

/* Begin XCConfigurationList section */
		6B46F9FD29513D4A000430C7 /* Build configuration list for PBXProject "YeolmokTravel" */ = {
			isa = XCConfigurationList;
			buildConfigurations = (
				6B46FA2A29513D4C000430C7 /* Debug */,
				6B46FA2B29513D4C000430C7 /* Release */,
			);
			defaultConfigurationIsVisible = 0;
			defaultConfigurationName = Release;
		};
		6B46FA2C29513D4C000430C7 /* Build configuration list for PBXNativeTarget "YeolmokTravel" */ = {
			isa = XCConfigurationList;
			buildConfigurations = (
				6B46FA2D29513D4C000430C7 /* Debug */,
				6B46FA2E29513D4C000430C7 /* Release */,
			);
			defaultConfigurationIsVisible = 0;
			defaultConfigurationName = Release;
		};
		6B46FA2F29513D4C000430C7 /* Build configuration list for PBXNativeTarget "YeolmokTravelTests" */ = {
			isa = XCConfigurationList;
			buildConfigurations = (
				6B46FA3029513D4C000430C7 /* Debug */,
				6B46FA3129513D4C000430C7 /* Release */,
			);
			defaultConfigurationIsVisible = 0;
			defaultConfigurationName = Release;
		};
		6B46FA3229513D4C000430C7 /* Build configuration list for PBXNativeTarget "YeolmokTravelUITests" */ = {
			isa = XCConfigurationList;
			buildConfigurations = (
				6B46FA3329513D4C000430C7 /* Debug */,
				6B46FA3429513D4C000430C7 /* Release */,
			);
			defaultConfigurationIsVisible = 0;
			defaultConfigurationName = Release;
		};
/* End XCConfigurationList section */

/* Begin XCRemoteSwiftPackageReference section */
		6B37A4A229515C4D00BBB8EE /* XCRemoteSwiftPackageReference "SnapKit" */ = {
			isa = XCRemoteSwiftPackageReference;
			repositoryURL = "https://github.com/SnapKit/SnapKit.git";
			requirement = {
				kind = upToNextMajorVersion;
				minimumVersion = 5.0.1;
			};
		};
		6B46FA4229514562000430C7 /* XCRemoteSwiftPackageReference "firebase-ios-sdk" */ = {
			isa = XCRemoteSwiftPackageReference;
			repositoryURL = "https://github.com/firebase/firebase-ios-sdk";
			requirement = {
				kind = upToNextMajorVersion;
				minimumVersion = 9.0.0;
			};
		};
/* End XCRemoteSwiftPackageReference section */

/* Begin XCSwiftPackageProductDependency section */
		6B37A4A329515C4E00BBB8EE /* SnapKit */ = {
			isa = XCSwiftPackageProductDependency;
			package = 6B37A4A229515C4D00BBB8EE /* XCRemoteSwiftPackageReference "SnapKit" */;
			productName = SnapKit;
		};
		6B46FA4329514562000430C7 /* FirebaseFirestore */ = {
			isa = XCSwiftPackageProductDependency;
			package = 6B46FA4229514562000430C7 /* XCRemoteSwiftPackageReference "firebase-ios-sdk" */;
			productName = FirebaseFirestore;
		};
/* End XCSwiftPackageProductDependency section */
	};
	rootObject = 6B46F9FA29513D4A000430C7 /* Project object */;
}
