// !$*UTF8*$!
{
	archiveVersion = 1;
	classes = {
	};
	objectVersion = 56;
	objects = {

/* Begin PBXBuildFile section */
		6B0FF61C29839EFB005729CC /* UseCaseProvider.swift in Sources */ = {isa = PBXBuildFile; fileRef = 6B0FF61B29839EFB005729CC /* UseCaseProvider.swift */; };
		6B0FF61E2983A247005729CC /* ImagePostsUsable.swift in Sources */ = {isa = PBXBuildFile; fileRef = 6B0FF61D2983A247005729CC /* ImagePostsUsable.swift */; };
		6B0FF6202983A4B7005729CC /* ImageRepository.swift in Sources */ = {isa = PBXBuildFile; fileRef = 6B0FF61F2983A4B7005729CC /* ImageRepository.swift */; };
		6B14F94F2955E4F50055C45D /* JGProgressHUD in Frameworks */ = {isa = PBXBuildFile; productRef = 6B14F94E2955E4F50055C45D /* JGProgressHUD */; };
		6B17E2FE2956A72800AF59EE /* ImageLoader.swift in Sources */ = {isa = PBXBuildFile; fileRef = 6B17E2FD2956A72800AF59EE /* ImageLoader.swift */; };
		6B17E3002956A82F00AF59EE /* FirestoreMemoryRepository.swift in Sources */ = {isa = PBXBuildFile; fileRef = 6B17E2FF2956A82F00AF59EE /* FirestoreMemoryRepository.swift */; };
		6B17E3042956A89300AF59EE /* Memory.swift in Sources */ = {isa = PBXBuildFile; fileRef = 6B17E3032956A89300AF59EE /* Memory.swift */; };
		6B17E3062956ADE300AF59EE /* FirestorePlanRepository.swift in Sources */ = {isa = PBXBuildFile; fileRef = 6B17E3052956ADE300AF59EE /* FirestorePlanRepository.swift */; };
		6B17E3082956C54100AF59EE /* StorageMemoryRepository.swift in Sources */ = {isa = PBXBuildFile; fileRef = 6B17E3072956C54100AF59EE /* StorageMemoryRepository.swift */; };
		6B17E30E2956D39300AF59EE /* WritingMemoryViewController.swift in Sources */ = {isa = PBXBuildFile; fileRef = 6B17E30D2956D39300AF59EE /* WritingMemoryViewController.swift */; };
		6B17E3132956D67F00AF59EE /* TopBarView.swift in Sources */ = {isa = PBXBuildFile; fileRef = 6B17E3122956D67F00AF59EE /* TopBarView.swift */; };
		6B17E31829575BA800AF59EE /* FirebaseFirestore in Frameworks */ = {isa = PBXBuildFile; productRef = 6B17E31729575BA800AF59EE /* FirebaseFirestore */; };
		6B17E31A29575BA800AF59EE /* FirebaseStorage in Frameworks */ = {isa = PBXBuildFile; productRef = 6B17E31929575BA800AF59EE /* FirebaseStorage */; };
		6B37A4A429515C4E00BBB8EE /* SnapKit in Frameworks */ = {isa = PBXBuildFile; productRef = 6B37A4A329515C4E00BBB8EE /* SnapKit */; };
		6B37A4A729515DBB00BBB8EE /* AppNamespace.swift in Sources */ = {isa = PBXBuildFile; fileRef = 6B37A4A629515DBB00BBB8EE /* AppNamespace.swift */; };
		6B37A4AD2951639000BBB8EE /* WritingTravelPlanViewController.swift in Sources */ = {isa = PBXBuildFile; fileRef = 6B37A4AC2951639000BBB8EE /* WritingTravelPlanViewController.swift */; };
		6B37A4B0295163E100BBB8EE /* Writable.swift in Sources */ = {isa = PBXBuildFile; fileRef = 6B37A4AF295163E100BBB8EE /* Writable.swift */; };
		6B37A4B62951743D00BBB8EE /* TravelPlaner.swift in Sources */ = {isa = PBXBuildFile; fileRef = 6B37A4B52951743D00BBB8EE /* TravelPlaner.swift */; };
		6B37A4BA295175CD00BBB8EE /* OwnTravelPlan.swift in Sources */ = {isa = PBXBuildFile; fileRef = 6B37A4B9295175CD00BBB8EE /* OwnTravelPlan.swift */; };
		6B37A4BD2951786800BBB8EE /* TravelPlan.swift in Sources */ = {isa = PBXBuildFile; fileRef = 6B37A4BC2951786800BBB8EE /* TravelPlan.swift */; };
		6B37A4BF2951789400BBB8EE /* Schedule.swift in Sources */ = {isa = PBXBuildFile; fileRef = 6B37A4BE2951789400BBB8EE /* Schedule.swift */; };
		6B37A4C929519C8800BBB8EE /* Alert.swift in Sources */ = {isa = PBXBuildFile; fileRef = 6B37A4C829519C8800BBB8EE /* Alert.swift */; };
		6B37A4CF2951C30800BBB8EE /* PlanTableViewCell.swift in Sources */ = {isa = PBXBuildFile; fileRef = 6B37A4CE2951C30800BBB8EE /* PlanTableViewCell.swift */; };
		6B37A4D22951D9CB00BBB8EE /* WritingScheduleViewController.swift in Sources */ = {isa = PBXBuildFile; fileRef = 6B37A4D12951D9CB00BBB8EE /* WritingScheduleViewController.swift */; };
		6B46FA0629513D4A000430C7 /* AppDelegate.swift in Sources */ = {isa = PBXBuildFile; fileRef = 6B46FA0529513D4A000430C7 /* AppDelegate.swift */; };
		6B46FA0829513D4A000430C7 /* SceneDelegate.swift in Sources */ = {isa = PBXBuildFile; fileRef = 6B46FA0729513D4A000430C7 /* SceneDelegate.swift */; };
		6B46FA0F29513D4C000430C7 /* Assets.xcassets in Resources */ = {isa = PBXBuildFile; fileRef = 6B46FA0E29513D4C000430C7 /* Assets.xcassets */; };
		6B46FA1229513D4C000430C7 /* LaunchScreen.storyboard in Resources */ = {isa = PBXBuildFile; fileRef = 6B46FA1029513D4C000430C7 /* LaunchScreen.storyboard */; };
		6B46FA1D29513D4C000430C7 /* YeolmokTravelTests.swift in Sources */ = {isa = PBXBuildFile; fileRef = 6B46FA1C29513D4C000430C7 /* YeolmokTravelTests.swift */; };
		6B46FA2729513D4C000430C7 /* YeolmokTravelUITests.swift in Sources */ = {isa = PBXBuildFile; fileRef = 6B46FA2629513D4C000430C7 /* YeolmokTravelUITests.swift */; };
		6B46FA2929513D4C000430C7 /* YeolmokTravelUITestsLaunchTests.swift in Sources */ = {isa = PBXBuildFile; fileRef = 6B46FA2829513D4C000430C7 /* YeolmokTravelUITestsLaunchTests.swift */; };
		6B46FA3729513DDB000430C7 /* TabBarController.swift in Sources */ = {isa = PBXBuildFile; fileRef = 6B46FA3629513DDB000430C7 /* TabBarController.swift */; };
		6B46FA3F295140E9000430C7 /* PlanView.swift in Sources */ = {isa = PBXBuildFile; fileRef = 6B46FA3E295140E9000430C7 /* PlanView.swift */; };
		6B46FA4129514340000430C7 /* GoogleService-Info.plist in Resources */ = {isa = PBXBuildFile; fileRef = 6B46FA4029514340000430C7 /* GoogleService-Info.plist */; };
		6B62A0CF2955CA0800450DB2 /* MemoriesCollectionViewCell.swift in Sources */ = {isa = PBXBuildFile; fileRef = 6B62A0CE2955CA0800450DB2 /* MemoriesCollectionViewCell.swift */; };
		6B73199E2980C898007ED670 /* TextRepository.swift in Sources */ = {isa = PBXBuildFile; fileRef = 6B73199D2980C898007ED670 /* TextRepository.swift */; };
		6B77371E298D0E220038E9C8 /* MapViewController.swift in Sources */ = {isa = PBXBuildFile; fileRef = 6B77371D298D0E220038E9C8 /* MapViewController.swift */; };
		6B773720298D1C230038E9C8 /* WritingScheduleViewModel.swift in Sources */ = {isa = PBXBuildFile; fileRef = 6B77371F298D1C230038E9C8 /* WritingScheduleViewModel.swift */; };
		6B773722298D21EE0038E9C8 /* Switch.swift in Sources */ = {isa = PBXBuildFile; fileRef = 6B773721298D21EE0038E9C8 /* Switch.swift */; };
		6B7A176A29834A48004E2ABC /* TextPostsUsable.swift in Sources */ = {isa = PBXBuildFile; fileRef = 6B7A176929834A48004E2ABC /* TextPostsUsable.swift */; };
		6B7A176E29835898004E2ABC /* Entity.swift in Sources */ = {isa = PBXBuildFile; fileRef = 6B7A176D29835898004E2ABC /* Entity.swift */; };
		6B7A1770298359DE004E2ABC /* Model.swift in Sources */ = {isa = PBXBuildFile; fileRef = 6B7A176F298359DE004E2ABC /* Model.swift */; };
		6B84E461298CF60200EE83AB /* CoordinateView.swift in Sources */ = {isa = PBXBuildFile; fileRef = 6B84E460298CF60200EE83AB /* CoordinateView.swift */; };
		6BA3402229532E29002E7502 /* PlanTracker.swift in Sources */ = {isa = PBXBuildFile; fileRef = 6BA9F4762952862E00403DCC /* PlanTracker.swift */; };
		6BA9F47429526BB000403DCC /* Plan.swift in Sources */ = {isa = PBXBuildFile; fileRef = 6BA9F47329526BB000403DCC /* Plan.swift */; };
		6BB277C129553C5F00534B68 /* DateConverter.swift in Sources */ = {isa = PBXBuildFile; fileRef = 6BB277C029553C5F00534B68 /* DateConverter.swift */; };
		6BB277C42955893900534B68 /* MemoryView.swift in Sources */ = {isa = PBXBuildFile; fileRef = 6BB277C32955893900534B68 /* MemoryView.swift */; };
		6BB76BC0297F4F6700C8C596 /* MemoryViewModel.swift in Sources */ = {isa = PBXBuildFile; fileRef = 6BB76BBF297F4F6700C8C596 /* MemoryViewModel.swift */; };
		6BB76BC2297F503E00C8C596 /* MemoryControllableUseCase.swift in Sources */ = {isa = PBXBuildFile; fileRef = 6BB76BC1297F503E00C8C596 /* MemoryControllableUseCase.swift */; };
		6BB76BC6297F701F00C8C596 /* PlanControllableUseCase.swift in Sources */ = {isa = PBXBuildFile; fileRef = 6BB76BC5297F701F00C8C596 /* PlanControllableUseCase.swift */; };
		6BB76BC8297F7F8800C8C596 /* WritingTravelPlanViewModel.swift in Sources */ = {isa = PBXBuildFile; fileRef = 6BB76BC7297F7F8800C8C596 /* WritingTravelPlanViewModel.swift */; };
		6BB76BCD297FBCB200C8C596 /* TravelPlanDTO.swift in Sources */ = {isa = PBXBuildFile; fileRef = 6BB76BCC297FBCB200C8C596 /* TravelPlanDTO.swift */; };
		6BB76BD4297FC27900C8C596 /* ScheduleDTO.swift in Sources */ = {isa = PBXBuildFile; fileRef = 6BB76BD3297FC27800C8C596 /* ScheduleDTO.swift */; };
		6BB76BD6297FCBA900C8C596 /* MemoryDTO.swift in Sources */ = {isa = PBXBuildFile; fileRef = 6BB76BD5297FCBA900C8C596 /* MemoryDTO.swift */; };
		6BB76BD9297FCEF100C8C596 /* MemoryViewBuilder.swift in Sources */ = {isa = PBXBuildFile; fileRef = 6BB76BD8297FCEF100C8C596 /* MemoryViewBuilder.swift */; };
		6BB76BDB297FE31500C8C596 /* PlanViewBuilder.swift in Sources */ = {isa = PBXBuildFile; fileRef = 6BB76BDA297FE31500C8C596 /* PlanViewBuilder.swift */; };
		6BB883A1297C5F4800C3E2E4 /* WritingMemoryViewModel.swift in Sources */ = {isa = PBXBuildFile; fileRef = 6BB883A0297C5F4800C3E2E4 /* WritingMemoryViewModel.swift */; };
		6BB883A9297C65B300C3E2E4 /* ImagePostsUseCase.swift in Sources */ = {isa = PBXBuildFile; fileRef = 6BB883A8297C65B300C3E2E4 /* ImagePostsUseCase.swift */; };
		6BB883AB297C662100C3E2E4 /* PlanPostsUseCase.swift in Sources */ = {isa = PBXBuildFile; fileRef = 6BB883AA297C662100C3E2E4 /* PlanPostsUseCase.swift */; };
		6BB883B1297D1C9100C3E2E4 /* TextField.swift in Sources */ = {isa = PBXBuildFile; fileRef = 6BB883B0297D1C9100C3E2E4 /* TextField.swift */; };
		6BB883B5297D1EE200C3E2E4 /* Control.swift in Sources */ = {isa = PBXBuildFile; fileRef = 6BB883B4297D1EE200C3E2E4 /* Control.swift */; };
		6BB883BB297DA1C200C3E2E4 /* MemoryPostsUseCase.swift in Sources */ = {isa = PBXBuildFile; fileRef = 6BB883BA297DA1C200C3E2E4 /* MemoryPostsUseCase.swift */; };
		6BCE6567298E2A5700D4B5A0 /* WritingTravelPlanView.swift in Sources */ = {isa = PBXBuildFile; fileRef = 6BCE6566298E2A5700D4B5A0 /* WritingTravelPlanView.swift */; };
		6BCE6569298E2FCE00D4B5A0 /* DatabasePath.swift in Sources */ = {isa = PBXBuildFile; fileRef = 6BCE6568298E2FCE00D4B5A0 /* DatabasePath.swift */; };
		6BCFFDBE2983E02F0008D608 /* ModelControlUsable.swift in Sources */ = {isa = PBXBuildFile; fileRef = 6BCFFDBD2983E02F0008D608 /* ModelControlUsable.swift */; };
		6BFB44F9296EF03100AEAD77 /* PlanTransfer.swift in Sources */ = {isa = PBXBuildFile; fileRef = 6BFB44F8296EF03100AEAD77 /* PlanTransfer.swift */; };
/* End PBXBuildFile section */

/* Begin PBXContainerItemProxy section */
		6B46FA1929513D4C000430C7 /* PBXContainerItemProxy */ = {
			isa = PBXContainerItemProxy;
			containerPortal = 6B46F9FA29513D4A000430C7 /* Project object */;
			proxyType = 1;
			remoteGlobalIDString = 6B46FA0129513D4A000430C7;
			remoteInfo = YeolmokTravel;
		};
		6B46FA2329513D4C000430C7 /* PBXContainerItemProxy */ = {
			isa = PBXContainerItemProxy;
			containerPortal = 6B46F9FA29513D4A000430C7 /* Project object */;
			proxyType = 1;
			remoteGlobalIDString = 6B46FA0129513D4A000430C7;
			remoteInfo = YeolmokTravel;
		};
/* End PBXContainerItemProxy section */

/* Begin PBXFileReference section */
		6B0FF61B29839EFB005729CC /* UseCaseProvider.swift */ = {isa = PBXFileReference; lastKnownFileType = sourcecode.swift; path = UseCaseProvider.swift; sourceTree = "<group>"; };
		6B0FF61D2983A247005729CC /* ImagePostsUsable.swift */ = {isa = PBXFileReference; lastKnownFileType = sourcecode.swift; path = ImagePostsUsable.swift; sourceTree = "<group>"; };
		6B0FF61F2983A4B7005729CC /* ImageRepository.swift */ = {isa = PBXFileReference; lastKnownFileType = sourcecode.swift; path = ImageRepository.swift; sourceTree = "<group>"; };
		6B17E2FD2956A72800AF59EE /* ImageLoader.swift */ = {isa = PBXFileReference; lastKnownFileType = sourcecode.swift; path = ImageLoader.swift; sourceTree = "<group>"; };
		6B17E2FF2956A82F00AF59EE /* FirestoreMemoryRepository.swift */ = {isa = PBXFileReference; lastKnownFileType = sourcecode.swift; path = FirestoreMemoryRepository.swift; sourceTree = "<group>"; };
		6B17E3032956A89300AF59EE /* Memory.swift */ = {isa = PBXFileReference; lastKnownFileType = sourcecode.swift; path = Memory.swift; sourceTree = "<group>"; };
		6B17E3052956ADE300AF59EE /* FirestorePlanRepository.swift */ = {isa = PBXFileReference; lastKnownFileType = sourcecode.swift; path = FirestorePlanRepository.swift; sourceTree = "<group>"; };
		6B17E3072956C54100AF59EE /* StorageMemoryRepository.swift */ = {isa = PBXFileReference; lastKnownFileType = sourcecode.swift; path = StorageMemoryRepository.swift; sourceTree = "<group>"; };
		6B17E30D2956D39300AF59EE /* WritingMemoryViewController.swift */ = {isa = PBXFileReference; lastKnownFileType = sourcecode.swift; path = WritingMemoryViewController.swift; sourceTree = "<group>"; };
		6B17E3122956D67F00AF59EE /* TopBarView.swift */ = {isa = PBXFileReference; lastKnownFileType = sourcecode.swift; path = TopBarView.swift; sourceTree = "<group>"; };
		6B37A4A629515DBB00BBB8EE /* AppNamespace.swift */ = {isa = PBXFileReference; lastKnownFileType = sourcecode.swift; path = AppNamespace.swift; sourceTree = "<group>"; };
		6B37A4AC2951639000BBB8EE /* WritingTravelPlanViewController.swift */ = {isa = PBXFileReference; lastKnownFileType = sourcecode.swift; path = WritingTravelPlanViewController.swift; sourceTree = "<group>"; };
		6B37A4AF295163E100BBB8EE /* Writable.swift */ = {isa = PBXFileReference; lastKnownFileType = sourcecode.swift; path = Writable.swift; sourceTree = "<group>"; };
		6B37A4B52951743D00BBB8EE /* TravelPlaner.swift */ = {isa = PBXFileReference; lastKnownFileType = sourcecode.swift; path = TravelPlaner.swift; sourceTree = "<group>"; };
		6B37A4B9295175CD00BBB8EE /* OwnTravelPlan.swift */ = {isa = PBXFileReference; lastKnownFileType = sourcecode.swift; path = OwnTravelPlan.swift; sourceTree = "<group>"; };
		6B37A4BC2951786800BBB8EE /* TravelPlan.swift */ = {isa = PBXFileReference; lastKnownFileType = sourcecode.swift; path = TravelPlan.swift; sourceTree = "<group>"; };
		6B37A4BE2951789400BBB8EE /* Schedule.swift */ = {isa = PBXFileReference; lastKnownFileType = sourcecode.swift; path = Schedule.swift; sourceTree = "<group>"; };
		6B37A4C829519C8800BBB8EE /* Alert.swift */ = {isa = PBXFileReference; lastKnownFileType = sourcecode.swift; path = Alert.swift; sourceTree = "<group>"; };
		6B37A4CE2951C30800BBB8EE /* PlanTableViewCell.swift */ = {isa = PBXFileReference; lastKnownFileType = sourcecode.swift; path = PlanTableViewCell.swift; sourceTree = "<group>"; };
		6B37A4D12951D9CB00BBB8EE /* WritingScheduleViewController.swift */ = {isa = PBXFileReference; lastKnownFileType = sourcecode.swift; path = WritingScheduleViewController.swift; sourceTree = "<group>"; };
		6B46FA0229513D4A000430C7 /* YeolmokTravel.app */ = {isa = PBXFileReference; explicitFileType = wrapper.application; includeInIndex = 0; path = YeolmokTravel.app; sourceTree = BUILT_PRODUCTS_DIR; };
		6B46FA0529513D4A000430C7 /* AppDelegate.swift */ = {isa = PBXFileReference; lastKnownFileType = sourcecode.swift; path = AppDelegate.swift; sourceTree = "<group>"; };
		6B46FA0729513D4A000430C7 /* SceneDelegate.swift */ = {isa = PBXFileReference; lastKnownFileType = sourcecode.swift; path = SceneDelegate.swift; sourceTree = "<group>"; };
		6B46FA0E29513D4C000430C7 /* Assets.xcassets */ = {isa = PBXFileReference; lastKnownFileType = folder.assetcatalog; path = Assets.xcassets; sourceTree = "<group>"; };
		6B46FA1129513D4C000430C7 /* Base */ = {isa = PBXFileReference; lastKnownFileType = file.storyboard; name = Base; path = Base.lproj/LaunchScreen.storyboard; sourceTree = "<group>"; };
		6B46FA1329513D4C000430C7 /* Info.plist */ = {isa = PBXFileReference; lastKnownFileType = text.plist.xml; path = Info.plist; sourceTree = "<group>"; };
		6B46FA1829513D4C000430C7 /* YeolmokTravelTests.xctest */ = {isa = PBXFileReference; explicitFileType = wrapper.cfbundle; includeInIndex = 0; path = YeolmokTravelTests.xctest; sourceTree = BUILT_PRODUCTS_DIR; };
		6B46FA1C29513D4C000430C7 /* YeolmokTravelTests.swift */ = {isa = PBXFileReference; lastKnownFileType = sourcecode.swift; path = YeolmokTravelTests.swift; sourceTree = "<group>"; };
		6B46FA2229513D4C000430C7 /* YeolmokTravelUITests.xctest */ = {isa = PBXFileReference; explicitFileType = wrapper.cfbundle; includeInIndex = 0; path = YeolmokTravelUITests.xctest; sourceTree = BUILT_PRODUCTS_DIR; };
		6B46FA2629513D4C000430C7 /* YeolmokTravelUITests.swift */ = {isa = PBXFileReference; lastKnownFileType = sourcecode.swift; path = YeolmokTravelUITests.swift; sourceTree = "<group>"; };
		6B46FA2829513D4C000430C7 /* YeolmokTravelUITestsLaunchTests.swift */ = {isa = PBXFileReference; lastKnownFileType = sourcecode.swift; path = YeolmokTravelUITestsLaunchTests.swift; sourceTree = "<group>"; };
		6B46FA3629513DDB000430C7 /* TabBarController.swift */ = {isa = PBXFileReference; lastKnownFileType = sourcecode.swift; path = TabBarController.swift; sourceTree = "<group>"; };
		6B46FA3E295140E9000430C7 /* PlanView.swift */ = {isa = PBXFileReference; lastKnownFileType = sourcecode.swift; path = PlanView.swift; sourceTree = "<group>"; };
		6B46FA4029514340000430C7 /* GoogleService-Info.plist */ = {isa = PBXFileReference; fileEncoding = 4; lastKnownFileType = text.plist.xml; path = "GoogleService-Info.plist"; sourceTree = "<group>"; };
		6B62A0CE2955CA0800450DB2 /* MemoriesCollectionViewCell.swift */ = {isa = PBXFileReference; lastKnownFileType = sourcecode.swift; path = MemoriesCollectionViewCell.swift; sourceTree = "<group>"; };
		6B73199D2980C898007ED670 /* TextRepository.swift */ = {isa = PBXFileReference; lastKnownFileType = sourcecode.swift; path = TextRepository.swift; sourceTree = "<group>"; };
		6B77371D298D0E220038E9C8 /* MapViewController.swift */ = {isa = PBXFileReference; lastKnownFileType = sourcecode.swift; path = MapViewController.swift; sourceTree = "<group>"; };
		6B77371F298D1C230038E9C8 /* WritingScheduleViewModel.swift */ = {isa = PBXFileReference; lastKnownFileType = sourcecode.swift; path = WritingScheduleViewModel.swift; sourceTree = "<group>"; };
		6B773721298D21EE0038E9C8 /* Switch.swift */ = {isa = PBXFileReference; lastKnownFileType = sourcecode.swift; path = Switch.swift; sourceTree = "<group>"; };
		6B7A176929834A48004E2ABC /* TextPostsUsable.swift */ = {isa = PBXFileReference; lastKnownFileType = sourcecode.swift; path = TextPostsUsable.swift; sourceTree = "<group>"; };
		6B7A176D29835898004E2ABC /* Entity.swift */ = {isa = PBXFileReference; lastKnownFileType = sourcecode.swift; path = Entity.swift; sourceTree = "<group>"; };
		6B7A176F298359DE004E2ABC /* Model.swift */ = {isa = PBXFileReference; lastKnownFileType = sourcecode.swift; path = Model.swift; sourceTree = "<group>"; };
		6B84E460298CF60200EE83AB /* CoordinateView.swift */ = {isa = PBXFileReference; lastKnownFileType = sourcecode.swift; path = CoordinateView.swift; sourceTree = "<group>"; };
		6BA9F47329526BB000403DCC /* Plan.swift */ = {isa = PBXFileReference; lastKnownFileType = sourcecode.swift; path = Plan.swift; sourceTree = "<group>"; };
		6BA9F4762952862E00403DCC /* PlanTracker.swift */ = {isa = PBXFileReference; lastKnownFileType = sourcecode.swift; path = PlanTracker.swift; sourceTree = "<group>"; };
		6BB277C029553C5F00534B68 /* DateConverter.swift */ = {isa = PBXFileReference; lastKnownFileType = sourcecode.swift; path = DateConverter.swift; sourceTree = "<group>"; };
		6BB277C32955893900534B68 /* MemoryView.swift */ = {isa = PBXFileReference; lastKnownFileType = sourcecode.swift; path = MemoryView.swift; sourceTree = "<group>"; };
		6BB76BBF297F4F6700C8C596 /* MemoryViewModel.swift */ = {isa = PBXFileReference; lastKnownFileType = sourcecode.swift; path = MemoryViewModel.swift; sourceTree = "<group>"; };
		6BB76BC1297F503E00C8C596 /* MemoryControllableUseCase.swift */ = {isa = PBXFileReference; lastKnownFileType = sourcecode.swift; path = MemoryControllableUseCase.swift; sourceTree = "<group>"; };
		6BB76BC5297F701F00C8C596 /* PlanControllableUseCase.swift */ = {isa = PBXFileReference; lastKnownFileType = sourcecode.swift; path = PlanControllableUseCase.swift; sourceTree = "<group>"; };
		6BB76BC7297F7F8800C8C596 /* WritingTravelPlanViewModel.swift */ = {isa = PBXFileReference; lastKnownFileType = sourcecode.swift; path = WritingTravelPlanViewModel.swift; sourceTree = "<group>"; };
		6BB76BCC297FBCB200C8C596 /* TravelPlanDTO.swift */ = {isa = PBXFileReference; lastKnownFileType = sourcecode.swift; path = TravelPlanDTO.swift; sourceTree = "<group>"; };
		6BB76BD3297FC27800C8C596 /* ScheduleDTO.swift */ = {isa = PBXFileReference; lastKnownFileType = sourcecode.swift; path = ScheduleDTO.swift; sourceTree = "<group>"; };
		6BB76BD5297FCBA900C8C596 /* MemoryDTO.swift */ = {isa = PBXFileReference; lastKnownFileType = sourcecode.swift; path = MemoryDTO.swift; sourceTree = "<group>"; };
		6BB76BD8297FCEF100C8C596 /* MemoryViewBuilder.swift */ = {isa = PBXFileReference; lastKnownFileType = sourcecode.swift; path = MemoryViewBuilder.swift; sourceTree = "<group>"; };
		6BB76BDA297FE31500C8C596 /* PlanViewBuilder.swift */ = {isa = PBXFileReference; lastKnownFileType = sourcecode.swift; path = PlanViewBuilder.swift; sourceTree = "<group>"; };
		6BB883A0297C5F4800C3E2E4 /* WritingMemoryViewModel.swift */ = {isa = PBXFileReference; lastKnownFileType = sourcecode.swift; path = WritingMemoryViewModel.swift; sourceTree = "<group>"; };
		6BB883A8297C65B300C3E2E4 /* ImagePostsUseCase.swift */ = {isa = PBXFileReference; lastKnownFileType = sourcecode.swift; path = ImagePostsUseCase.swift; sourceTree = "<group>"; };
		6BB883AA297C662100C3E2E4 /* PlanPostsUseCase.swift */ = {isa = PBXFileReference; lastKnownFileType = sourcecode.swift; path = PlanPostsUseCase.swift; sourceTree = "<group>"; };
		6BB883B0297D1C9100C3E2E4 /* TextField.swift */ = {isa = PBXFileReference; lastKnownFileType = sourcecode.swift; path = TextField.swift; sourceTree = "<group>"; };
		6BB883B4297D1EE200C3E2E4 /* Control.swift */ = {isa = PBXFileReference; lastKnownFileType = sourcecode.swift; path = Control.swift; sourceTree = "<group>"; };
		6BB883BA297DA1C200C3E2E4 /* MemoryPostsUseCase.swift */ = {isa = PBXFileReference; lastKnownFileType = sourcecode.swift; path = MemoryPostsUseCase.swift; sourceTree = "<group>"; };
		6BCE6566298E2A5700D4B5A0 /* WritingTravelPlanView.swift */ = {isa = PBXFileReference; lastKnownFileType = sourcecode.swift; path = WritingTravelPlanView.swift; sourceTree = "<group>"; };
		6BCE6568298E2FCE00D4B5A0 /* DatabasePath.swift */ = {isa = PBXFileReference; lastKnownFileType = sourcecode.swift; path = DatabasePath.swift; sourceTree = "<group>"; };
		6BCFFDBD2983E02F0008D608 /* ModelControlUsable.swift */ = {isa = PBXFileReference; lastKnownFileType = sourcecode.swift; path = ModelControlUsable.swift; sourceTree = "<group>"; };
		6BFB44F8296EF03100AEAD77 /* PlanTransfer.swift */ = {isa = PBXFileReference; lastKnownFileType = sourcecode.swift; path = PlanTransfer.swift; sourceTree = "<group>"; };
/* End PBXFileReference section */

/* Begin PBXFrameworksBuildPhase section */
		6B46F9FF29513D4A000430C7 /* Frameworks */ = {
			isa = PBXFrameworksBuildPhase;
			buildActionMask = 2147483647;
			files = (
				6B14F94F2955E4F50055C45D /* JGProgressHUD in Frameworks */,
				6B17E31A29575BA800AF59EE /* FirebaseStorage in Frameworks */,
				6B37A4A429515C4E00BBB8EE /* SnapKit in Frameworks */,
				6B17E31829575BA800AF59EE /* FirebaseFirestore in Frameworks */,
			);
			runOnlyForDeploymentPostprocessing = 0;
		};
		6B46FA1529513D4C000430C7 /* Frameworks */ = {
			isa = PBXFrameworksBuildPhase;
			buildActionMask = 2147483647;
			files = (
			);
			runOnlyForDeploymentPostprocessing = 0;
		};
		6B46FA1F29513D4C000430C7 /* Frameworks */ = {
			isa = PBXFrameworksBuildPhase;
			buildActionMask = 2147483647;
			files = (
			);
			runOnlyForDeploymentPostprocessing = 0;
		};
/* End PBXFrameworksBuildPhase section */

/* Begin PBXGroup section */
		6B0FF61A29839EE8005729CC /* UseCaseProvider */ = {
			isa = PBXGroup;
			children = (
				6B0FF61B29839EFB005729CC /* UseCaseProvider.swift */,
			);
			path = UseCaseProvider;
			sourceTree = "<group>";
		};
		6B17E30F2956D48F00AF59EE /* Views */ = {
			isa = PBXGroup;
			children = (
				6B46FA3629513DDB000430C7 /* TabBarController.swift */,
				6B17E3122956D67F00AF59EE /* TopBarView.swift */,
			);
			path = Views;
			sourceTree = "<group>";
		};
		6B37A4A529515D9D00BBB8EE /* Utilities */ = {
			isa = PBXGroup;
			children = (
				6B37A4A629515DBB00BBB8EE /* AppNamespace.swift */,
				6BB277C029553C5F00534B68 /* DateConverter.swift */,
				6BCE6568298E2FCE00D4B5A0 /* DatabasePath.swift */,
			);
			path = Utilities;
			sourceTree = "<group>";
		};
		6B37A4AE295163C900BBB8EE /* Protocols */ = {
			isa = PBXGroup;
			children = (
				6B37A4AF295163E100BBB8EE /* Writable.swift */,
				6BA9F47329526BB000403DCC /* Plan.swift */,
				6BFB44F8296EF03100AEAD77 /* PlanTransfer.swift */,
			);
			path = Protocols;
			sourceTree = "<group>";
		};
		6B37A4C729519C7C00BBB8EE /* Extensions */ = {
			isa = PBXGroup;
			children = (
				6B37A4C829519C8800BBB8EE /* Alert.swift */,
				6BB883B0297D1C9100C3E2E4 /* TextField.swift */,
				6BB883B4297D1EE200C3E2E4 /* Control.swift */,
				6B773721298D21EE0038E9C8 /* Switch.swift */,
			);
			path = Extensions;
			sourceTree = "<group>";
		};
		6B46F9F929513D4A000430C7 = {
			isa = PBXGroup;
			children = (
				6B46FA0429513D4A000430C7 /* YeolmokTravel */,
				6B46FA1B29513D4C000430C7 /* YeolmokTravelTests */,
				6B46FA2529513D4C000430C7 /* YeolmokTravelUITests */,
				6B46FA0329513D4A000430C7 /* Products */,
			);
			sourceTree = "<group>";
		};
		6B46FA0329513D4A000430C7 /* Products */ = {
			isa = PBXGroup;
			children = (
				6B46FA0229513D4A000430C7 /* YeolmokTravel.app */,
				6B46FA1829513D4C000430C7 /* YeolmokTravelTests.xctest */,
				6B46FA2229513D4C000430C7 /* YeolmokTravelUITests.xctest */,
			);
			name = Products;
			sourceTree = "<group>";
		};
		6B46FA0429513D4A000430C7 /* YeolmokTravel */ = {
			isa = PBXGroup;
			children = (
				6BE1249A2959B0F00068B788 /* Resources */,
				6B37A4AE295163C900BBB8EE /* Protocols */,
				6B37A4C729519C7C00BBB8EE /* Extensions */,
				6BFB44FA296EF3E700AEAD77 /* Presentation */,
				6BB883A4297C651F00C3E2E4 /* Domain */,
				6BFB44FF296EF46700AEAD77 /* Data */,
				6B37A4A529515D9D00BBB8EE /* Utilities */,
				6B46FA1329513D4C000430C7 /* Info.plist */,
			);
			path = YeolmokTravel;
			sourceTree = "<group>";
		};
		6B46FA1B29513D4C000430C7 /* YeolmokTravelTests */ = {
			isa = PBXGroup;
			children = (
				6B46FA1C29513D4C000430C7 /* YeolmokTravelTests.swift */,
			);
			path = YeolmokTravelTests;
			sourceTree = "<group>";
		};
		6B46FA2529513D4C000430C7 /* YeolmokTravelUITests */ = {
			isa = PBXGroup;
			children = (
				6B46FA2629513D4C000430C7 /* YeolmokTravelUITests.swift */,
				6B46FA2829513D4C000430C7 /* YeolmokTravelUITestsLaunchTests.swift */,
			);
			path = YeolmokTravelUITests;
			sourceTree = "<group>";
		};
		6B46FA3529513DA2000430C7 /* Delegate */ = {
			isa = PBXGroup;
			children = (
				6B46FA0529513D4A000430C7 /* AppDelegate.swift */,
				6B46FA0729513D4A000430C7 /* SceneDelegate.swift */,
			);
			path = Delegate;
			sourceTree = "<group>";
		};
		6B73199B2980C860007ED670 /* FirebasePlugPoint */ = {
			isa = PBXGroup;
			children = (
				6B73199D2980C898007ED670 /* TextRepository.swift */,
				6B0FF61F2983A4B7005729CC /* ImageRepository.swift */,
			);
			path = FirebasePlugPoint;
			sourceTree = "<group>";
		};
		6B7A176829834A0F004E2ABC /* UseCasePlugPoint */ = {
			isa = PBXGroup;
			children = (
				6B7A176929834A48004E2ABC /* TextPostsUsable.swift */,
				6B0FF61D2983A247005729CC /* ImagePostsUsable.swift */,
				6BCFFDBD2983E02F0008D608 /* ModelControlUsable.swift */,
			);
			path = UseCasePlugPoint;
			sourceTree = "<group>";
		};
		6BB76BD2297FC14C00C8C596 /* Data Mapping */ = {
			isa = PBXGroup;
			children = (
				6B7A176D29835898004E2ABC /* Entity.swift */,
				6BB76BCC297FBCB200C8C596 /* TravelPlanDTO.swift */,
				6BB76BD3297FC27800C8C596 /* ScheduleDTO.swift */,
				6BB76BD5297FCBA900C8C596 /* MemoryDTO.swift */,
			);
			path = "Data Mapping";
			sourceTree = "<group>";
		};
		6BB76BD7297FCEA200C8C596 /* Builder */ = {
			isa = PBXGroup;
			children = (
				6BB76BD8297FCEF100C8C596 /* MemoryViewBuilder.swift */,
				6BB76BDA297FE31500C8C596 /* PlanViewBuilder.swift */,
			);
			path = Builder;
			sourceTree = "<group>";
		};
		6BB883A4297C651F00C3E2E4 /* Domain */ = {
			isa = PBXGroup;
			children = (
				6BB883A5297C652F00C3E2E4 /* UseCases */,
				6BFB4507296EF50200AEAD77 /* Models */,
			);
			path = Domain;
			sourceTree = "<group>";
		};
		6BB883A5297C652F00C3E2E4 /* UseCases */ = {
			isa = PBXGroup;
			children = (
				6B0FF61A29839EE8005729CC /* UseCaseProvider */,
				6B7A176829834A0F004E2ABC /* UseCasePlugPoint */,
				6BB883A8297C65B300C3E2E4 /* ImagePostsUseCase.swift */,
				6BB883AA297C662100C3E2E4 /* PlanPostsUseCase.swift */,
				6BB883BA297DA1C200C3E2E4 /* MemoryPostsUseCase.swift */,
				6BB76BC1297F503E00C8C596 /* MemoryControllableUseCase.swift */,
				6BB76BC5297F701F00C8C596 /* PlanControllableUseCase.swift */,
			);
			path = UseCases;
			sourceTree = "<group>";
		};
		6BE1249A2959B0F00068B788 /* Resources */ = {
			isa = PBXGroup;
			children = (
				6B46FA3529513DA2000430C7 /* Delegate */,
				6BB76BD7297FCEA200C8C596 /* Builder */,
				6B46FA0E29513D4C000430C7 /* Assets.xcassets */,
				6B46FA4029514340000430C7 /* GoogleService-Info.plist */,
				6B46FA1029513D4C000430C7 /* LaunchScreen.storyboard */,
			);
			path = Resources;
			sourceTree = "<group>";
		};
		6BFB44FA296EF3E700AEAD77 /* Presentation */ = {
			isa = PBXGroup;
			children = (
				6B17E30F2956D48F00AF59EE /* Views */,
				6BFB44FB296EF40A00AEAD77 /* Plan */,
				6BFB44FC296EF41000AEAD77 /* Memory */,
			);
			path = Presentation;
			sourceTree = "<group>";
		};
		6BFB44FB296EF40A00AEAD77 /* Plan */ = {
			isa = PBXGroup;
			children = (
				6BFB4500296EF47C00AEAD77 /* ViewModels */,
				6BFB44FE296EF43000AEAD77 /* Views */,
			);
			path = Plan;
			sourceTree = "<group>";
		};
		6BFB44FC296EF41000AEAD77 /* Memory */ = {
			isa = PBXGroup;
			children = (
				6BFB4508296EF54400AEAD77 /* ViewModels */,
				6BFB44FD296EF42B00AEAD77 /* Views */,
			);
			path = Memory;
			sourceTree = "<group>";
		};
		6BFB44FD296EF42B00AEAD77 /* Views */ = {
			isa = PBXGroup;
			children = (
				6BB277C32955893900534B68 /* MemoryView.swift */,
				6B62A0CE2955CA0800450DB2 /* MemoriesCollectionViewCell.swift */,
				6B17E30D2956D39300AF59EE /* WritingMemoryViewController.swift */,
			);
			path = Views;
			sourceTree = "<group>";
		};
		6BFB44FE296EF43000AEAD77 /* Views */ = {
			isa = PBXGroup;
			children = (
				6B37A4D12951D9CB00BBB8EE /* WritingScheduleViewController.swift */,
				6B37A4AC2951639000BBB8EE /* WritingTravelPlanViewController.swift */,
				6B37A4CE2951C30800BBB8EE /* PlanTableViewCell.swift */,
				6B46FA3E295140E9000430C7 /* PlanView.swift */,
				6B84E460298CF60200EE83AB /* CoordinateView.swift */,
				6B77371D298D0E220038E9C8 /* MapViewController.swift */,
				6BCE6566298E2A5700D4B5A0 /* WritingTravelPlanView.swift */,
			);
			path = Views;
			sourceTree = "<group>";
		};
		6BFB44FF296EF46700AEAD77 /* Data */ = {
			isa = PBXGroup;
			children = (
				6BFB4505296EF4CB00AEAD77 /* Repositories */,
			);
			path = Data;
			sourceTree = "<group>";
		};
		6BFB4500296EF47C00AEAD77 /* ViewModels */ = {
			isa = PBXGroup;
			children = (
				6B37A4B52951743D00BBB8EE /* TravelPlaner.swift */,
				6BB76BC7297F7F8800C8C596 /* WritingTravelPlanViewModel.swift */,
				6B77371F298D1C230038E9C8 /* WritingScheduleViewModel.swift */,
			);
			path = ViewModels;
			sourceTree = "<group>";
		};
		6BFB4505296EF4CB00AEAD77 /* Repositories */ = {
			isa = PBXGroup;
			children = (
				6B73199B2980C860007ED670 /* FirebasePlugPoint */,
				6BB76BD2297FC14C00C8C596 /* Data Mapping */,
				6B17E3052956ADE300AF59EE /* FirestorePlanRepository.swift */,
				6B17E2FF2956A82F00AF59EE /* FirestoreMemoryRepository.swift */,
				6B17E3072956C54100AF59EE /* StorageMemoryRepository.swift */,
			);
			path = Repositories;
			sourceTree = "<group>";
		};
		6BFB4507296EF50200AEAD77 /* Models */ = {
			isa = PBXGroup;
			children = (
				6B7A176F298359DE004E2ABC /* Model.swift */,
				6B37A4BC2951786800BBB8EE /* TravelPlan.swift */,
				6B37A4B9295175CD00BBB8EE /* OwnTravelPlan.swift */,
				6BA9F4762952862E00403DCC /* PlanTracker.swift */,
				6B37A4BE2951789400BBB8EE /* Schedule.swift */,
				6B17E3032956A89300AF59EE /* Memory.swift */,
			);
			path = Models;
			sourceTree = "<group>";
		};
		6BFB4508296EF54400AEAD77 /* ViewModels */ = {
			isa = PBXGroup;
			children = (
				6BB76BBF297F4F6700C8C596 /* MemoryViewModel.swift */,
				6B17E2FD2956A72800AF59EE /* ImageLoader.swift */,
				6BB883A0297C5F4800C3E2E4 /* WritingMemoryViewModel.swift */,
			);
			path = ViewModels;
			sourceTree = "<group>";
		};
/* End PBXGroup section */

/* Begin PBXNativeTarget section */
		6B46FA0129513D4A000430C7 /* YeolmokTravel */ = {
			isa = PBXNativeTarget;
			buildConfigurationList = 6B46FA2C29513D4C000430C7 /* Build configuration list for PBXNativeTarget "YeolmokTravel" */;
			buildPhases = (
				6B46F9FE29513D4A000430C7 /* Sources */,
				6B46F9FF29513D4A000430C7 /* Frameworks */,
				6B46FA0029513D4A000430C7 /* Resources */,
			);
			buildRules = (
			);
			dependencies = (
			);
			name = YeolmokTravel;
			packageProductDependencies = (
				6B37A4A329515C4E00BBB8EE /* SnapKit */,
				6B14F94E2955E4F50055C45D /* JGProgressHUD */,
				6B17E31729575BA800AF59EE /* FirebaseFirestore */,
				6B17E31929575BA800AF59EE /* FirebaseStorage */,
			);
			productName = YeolmokTravel;
			productReference = 6B46FA0229513D4A000430C7 /* YeolmokTravel.app */;
			productType = "com.apple.product-type.application";
		};
		6B46FA1729513D4C000430C7 /* YeolmokTravelTests */ = {
			isa = PBXNativeTarget;
			buildConfigurationList = 6B46FA2F29513D4C000430C7 /* Build configuration list for PBXNativeTarget "YeolmokTravelTests" */;
			buildPhases = (
				6B46FA1429513D4C000430C7 /* Sources */,
				6B46FA1529513D4C000430C7 /* Frameworks */,
				6B46FA1629513D4C000430C7 /* Resources */,
			);
			buildRules = (
			);
			dependencies = (
				6B46FA1A29513D4C000430C7 /* PBXTargetDependency */,
			);
			name = YeolmokTravelTests;
			productName = YeolmokTravelTests;
			productReference = 6B46FA1829513D4C000430C7 /* YeolmokTravelTests.xctest */;
			productType = "com.apple.product-type.bundle.unit-test";
		};
		6B46FA2129513D4C000430C7 /* YeolmokTravelUITests */ = {
			isa = PBXNativeTarget;
			buildConfigurationList = 6B46FA3229513D4C000430C7 /* Build configuration list for PBXNativeTarget "YeolmokTravelUITests" */;
			buildPhases = (
				6B46FA1E29513D4C000430C7 /* Sources */,
				6B46FA1F29513D4C000430C7 /* Frameworks */,
				6B46FA2029513D4C000430C7 /* Resources */,
			);
			buildRules = (
			);
			dependencies = (
				6B46FA2429513D4C000430C7 /* PBXTargetDependency */,
			);
			name = YeolmokTravelUITests;
			productName = YeolmokTravelUITests;
			productReference = 6B46FA2229513D4C000430C7 /* YeolmokTravelUITests.xctest */;
			productType = "com.apple.product-type.bundle.ui-testing";
		};
/* End PBXNativeTarget section */

/* Begin PBXProject section */
		6B46F9FA29513D4A000430C7 /* Project object */ = {
			isa = PBXProject;
			attributes = {
				BuildIndependentTargetsInParallel = 1;
				LastSwiftUpdateCheck = 1420;
				LastUpgradeCheck = 1420;
				TargetAttributes = {
					6B46FA0129513D4A000430C7 = {
						CreatedOnToolsVersion = 14.2;
					};
					6B46FA1729513D4C000430C7 = {
						CreatedOnToolsVersion = 14.2;
						TestTargetID = 6B46FA0129513D4A000430C7;
					};
					6B46FA2129513D4C000430C7 = {
						CreatedOnToolsVersion = 14.2;
						TestTargetID = 6B46FA0129513D4A000430C7;
					};
				};
			};
			buildConfigurationList = 6B46F9FD29513D4A000430C7 /* Build configuration list for PBXProject "YeolmokTravel" */;
			compatibilityVersion = "Xcode 14.0";
			developmentRegion = en;
			hasScannedForEncodings = 0;
			knownRegions = (
				en,
				Base,
			);
			mainGroup = 6B46F9F929513D4A000430C7;
			packageReferences = (
				6B37A4A229515C4D00BBB8EE /* XCRemoteSwiftPackageReference "SnapKit" */,
				6B14F94D2955E4F50055C45D /* XCRemoteSwiftPackageReference "JGProgressHUD" */,
				6B17E31629575BA800AF59EE /* XCRemoteSwiftPackageReference "firebase-ios-sdk" */,
			);
			productRefGroup = 6B46FA0329513D4A000430C7 /* Products */;
			projectDirPath = "";
			projectRoot = "";
			targets = (
				6B46FA0129513D4A000430C7 /* YeolmokTravel */,
				6B46FA1729513D4C000430C7 /* YeolmokTravelTests */,
				6B46FA2129513D4C000430C7 /* YeolmokTravelUITests */,
			);
		};
/* End PBXProject section */

/* Begin PBXResourcesBuildPhase section */
		6B46FA0029513D4A000430C7 /* Resources */ = {
			isa = PBXResourcesBuildPhase;
			buildActionMask = 2147483647;
			files = (
				6B46FA1229513D4C000430C7 /* LaunchScreen.storyboard in Resources */,
				6B46FA0F29513D4C000430C7 /* Assets.xcassets in Resources */,
				6B46FA4129514340000430C7 /* GoogleService-Info.plist in Resources */,
			);
			runOnlyForDeploymentPostprocessing = 0;
		};
		6B46FA1629513D4C000430C7 /* Resources */ = {
			isa = PBXResourcesBuildPhase;
			buildActionMask = 2147483647;
			files = (
			);
			runOnlyForDeploymentPostprocessing = 0;
		};
		6B46FA2029513D4C000430C7 /* Resources */ = {
			isa = PBXResourcesBuildPhase;
			buildActionMask = 2147483647;
			files = (
			);
			runOnlyForDeploymentPostprocessing = 0;
		};
/* End PBXResourcesBuildPhase section */

/* Begin PBXSourcesBuildPhase section */
		6B46F9FE29513D4A000430C7 /* Sources */ = {
			isa = PBXSourcesBuildPhase;
			buildActionMask = 2147483647;
			files = (
				6BB76BC8297F7F8800C8C596 /* WritingTravelPlanViewModel.swift in Sources */,
				6B17E30E2956D39300AF59EE /* WritingMemoryViewController.swift in Sources */,
				6B37A4B0295163E100BBB8EE /* Writable.swift in Sources */,
				6BB883B5297D1EE200C3E2E4 /* Control.swift in Sources */,
				6B46FA3F295140E9000430C7 /* PlanView.swift in Sources */,
				6BB76BC0297F4F6700C8C596 /* MemoryViewModel.swift in Sources */,
				6B17E3062956ADE300AF59EE /* FirestorePlanRepository.swift in Sources */,
				6B7A176E29835898004E2ABC /* Entity.swift in Sources */,
				6BB76BCD297FBCB200C8C596 /* TravelPlanDTO.swift in Sources */,
				6B77371E298D0E220038E9C8 /* MapViewController.swift in Sources */,
				6BB76BD4297FC27900C8C596 /* ScheduleDTO.swift in Sources */,
				6B37A4AD2951639000BBB8EE /* WritingTravelPlanViewController.swift in Sources */,
				6BCE6567298E2A5700D4B5A0 /* WritingTravelPlanView.swift in Sources */,
				6BB883A9297C65B300C3E2E4 /* ImagePostsUseCase.swift in Sources */,
				6BB277C129553C5F00534B68 /* DateConverter.swift in Sources */,
				6B773722298D21EE0038E9C8 /* Switch.swift in Sources */,
				6B0FF61C29839EFB005729CC /* UseCaseProvider.swift in Sources */,
				6BA9F47429526BB000403DCC /* Plan.swift in Sources */,
				6B37A4B62951743D00BBB8EE /* TravelPlaner.swift in Sources */,
				6B37A4BD2951786800BBB8EE /* TravelPlan.swift in Sources */,
				6B773720298D1C230038E9C8 /* WritingScheduleViewModel.swift in Sources */,
				6B17E3042956A89300AF59EE /* Memory.swift in Sources */,
				6B73199E2980C898007ED670 /* TextRepository.swift in Sources */,
				6B37A4A729515DBB00BBB8EE /* AppNamespace.swift in Sources */,
				6B0FF6202983A4B7005729CC /* ImageRepository.swift in Sources */,
				6BB76BC2297F503E00C8C596 /* MemoryControllableUseCase.swift in Sources */,
				6B37A4CF2951C30800BBB8EE /* PlanTableViewCell.swift in Sources */,
				6B0FF61E2983A247005729CC /* ImagePostsUsable.swift in Sources */,
				6BB277C42955893900534B68 /* MemoryView.swift in Sources */,
				6B17E3132956D67F00AF59EE /* TopBarView.swift in Sources */,
				6B37A4D22951D9CB00BBB8EE /* WritingScheduleViewController.swift in Sources */,
				6B37A4BA295175CD00BBB8EE /* OwnTravelPlan.swift in Sources */,
				6B46FA3729513DDB000430C7 /* TabBarController.swift in Sources */,
				6B46FA0629513D4A000430C7 /* AppDelegate.swift in Sources */,
				6B37A4BF2951789400BBB8EE /* Schedule.swift in Sources */,
				6BB883B1297D1C9100C3E2E4 /* TextField.swift in Sources */,
				6B37A4C929519C8800BBB8EE /* Alert.swift in Sources */,
				6B7A176A29834A48004E2ABC /* TextPostsUsable.swift in Sources */,
				6B17E2FE2956A72800AF59EE /* ImageLoader.swift in Sources */,
				6BB76BD9297FCEF100C8C596 /* MemoryViewBuilder.swift in Sources */,
				6BB883BB297DA1C200C3E2E4 /* MemoryPostsUseCase.swift in Sources */,
				6B46FA0829513D4A000430C7 /* SceneDelegate.swift in Sources */,
				6BB76BDB297FE31500C8C596 /* PlanViewBuilder.swift in Sources */,
				6BA3402229532E29002E7502 /* PlanTracker.swift in Sources */,
				6B17E3002956A82F00AF59EE /* FirestoreMemoryRepository.swift in Sources */,
				6B7A1770298359DE004E2ABC /* Model.swift in Sources */,
				6BB76BD6297FCBA900C8C596 /* MemoryDTO.swift in Sources */,
				6BCE6569298E2FCE00D4B5A0 /* DatabasePath.swift in Sources */,
				6BCFFDBE2983E02F0008D608 /* ModelControlUsable.swift in Sources */,
				6BFB44F9296EF03100AEAD77 /* PlanTransfer.swift in Sources */,
				6B17E3082956C54100AF59EE /* StorageMemoryRepository.swift in Sources */,
				6B62A0CF2955CA0800450DB2 /* MemoriesCollectionViewCell.swift in Sources */,
				6BB883AB297C662100C3E2E4 /* PlanPostsUseCase.swift in Sources */,
				6BB76BC6297F701F00C8C596 /* PlanControllableUseCase.swift in Sources */,
				6B84E461298CF60200EE83AB /* CoordinateView.swift in Sources */,
				6BB883A1297C5F4800C3E2E4 /* WritingMemoryViewModel.swift in Sources */,
			);
			runOnlyForDeploymentPostprocessing = 0;
		};
		6B46FA1429513D4C000430C7 /* Sources */ = {
			isa = PBXSourcesBuildPhase;
			buildActionMask = 2147483647;
			files = (
				6B46FA1D29513D4C000430C7 /* YeolmokTravelTests.swift in Sources */,
			);
			runOnlyForDeploymentPostprocessing = 0;
		};
		6B46FA1E29513D4C000430C7 /* Sources */ = {
			isa = PBXSourcesBuildPhase;
			buildActionMask = 2147483647;
			files = (
				6B46FA2729513D4C000430C7 /* YeolmokTravelUITests.swift in Sources */,
				6B46FA2929513D4C000430C7 /* YeolmokTravelUITestsLaunchTests.swift in Sources */,
			);
			runOnlyForDeploymentPostprocessing = 0;
		};
/* End PBXSourcesBuildPhase section */

/* Begin PBXTargetDependency section */
		6B46FA1A29513D4C000430C7 /* PBXTargetDependency */ = {
			isa = PBXTargetDependency;
			target = 6B46FA0129513D4A000430C7 /* YeolmokTravel */;
			targetProxy = 6B46FA1929513D4C000430C7 /* PBXContainerItemProxy */;
		};
		6B46FA2429513D4C000430C7 /* PBXTargetDependency */ = {
			isa = PBXTargetDependency;
			target = 6B46FA0129513D4A000430C7 /* YeolmokTravel */;
			targetProxy = 6B46FA2329513D4C000430C7 /* PBXContainerItemProxy */;
		};
/* End PBXTargetDependency section */

/* Begin PBXVariantGroup section */
		6B46FA1029513D4C000430C7 /* LaunchScreen.storyboard */ = {
			isa = PBXVariantGroup;
			children = (
				6B46FA1129513D4C000430C7 /* Base */,
			);
			name = LaunchScreen.storyboard;
			sourceTree = "<group>";
		};
/* End PBXVariantGroup section */

/* Begin XCBuildConfiguration section */
		6B46FA2A29513D4C000430C7 /* Debug */ = {
			isa = XCBuildConfiguration;
			buildSettings = {
				ALWAYS_SEARCH_USER_PATHS = NO;
				CLANG_ANALYZER_NONNULL = YES;
				CLANG_ANALYZER_NUMBER_OBJECT_CONVERSION = YES_AGGRESSIVE;
				CLANG_CXX_LANGUAGE_STANDARD = "gnu++20";
				CLANG_ENABLE_MODULES = YES;
				CLANG_ENABLE_OBJC_ARC = YES;
				CLANG_ENABLE_OBJC_WEAK = YES;
				CLANG_WARN_BLOCK_CAPTURE_AUTORELEASING = YES;
				CLANG_WARN_BOOL_CONVERSION = YES;
				CLANG_WARN_COMMA = YES;
				CLANG_WARN_CONSTANT_CONVERSION = YES;
				CLANG_WARN_DEPRECATED_OBJC_IMPLEMENTATIONS = YES;
				CLANG_WARN_DIRECT_OBJC_ISA_USAGE = YES_ERROR;
				CLANG_WARN_DOCUMENTATION_COMMENTS = YES;
				CLANG_WARN_EMPTY_BODY = YES;
				CLANG_WARN_ENUM_CONVERSION = YES;
				CLANG_WARN_INFINITE_RECURSION = YES;
				CLANG_WARN_INT_CONVERSION = YES;
				CLANG_WARN_NON_LITERAL_NULL_CONVERSION = YES;
				CLANG_WARN_OBJC_IMPLICIT_RETAIN_SELF = YES;
				CLANG_WARN_OBJC_LITERAL_CONVERSION = YES;
				CLANG_WARN_OBJC_ROOT_CLASS = YES_ERROR;
				CLANG_WARN_QUOTED_INCLUDE_IN_FRAMEWORK_HEADER = YES;
				CLANG_WARN_RANGE_LOOP_ANALYSIS = YES;
				CLANG_WARN_STRICT_PROTOTYPES = YES;
				CLANG_WARN_SUSPICIOUS_MOVE = YES;
				CLANG_WARN_UNGUARDED_AVAILABILITY = YES_AGGRESSIVE;
				CLANG_WARN_UNREACHABLE_CODE = YES;
				CLANG_WARN__DUPLICATE_METHOD_MATCH = YES;
				COPY_PHASE_STRIP = NO;
				DEBUG_INFORMATION_FORMAT = dwarf;
				ENABLE_STRICT_OBJC_MSGSEND = YES;
				ENABLE_TESTABILITY = YES;
				GCC_C_LANGUAGE_STANDARD = gnu11;
				GCC_DYNAMIC_NO_PIC = NO;
				GCC_NO_COMMON_BLOCKS = YES;
				GCC_OPTIMIZATION_LEVEL = 0;
				GCC_PREPROCESSOR_DEFINITIONS = (
					"DEBUG=1",
					"$(inherited)",
				);
				GCC_WARN_64_TO_32_BIT_CONVERSION = YES;
				GCC_WARN_ABOUT_RETURN_TYPE = YES_ERROR;
				GCC_WARN_UNDECLARED_SELECTOR = YES;
				GCC_WARN_UNINITIALIZED_AUTOS = YES_AGGRESSIVE;
				GCC_WARN_UNUSED_FUNCTION = YES;
				GCC_WARN_UNUSED_VARIABLE = YES;
				IPHONEOS_DEPLOYMENT_TARGET = 16.2;
				MTL_ENABLE_DEBUG_INFO = INCLUDE_SOURCE;
				MTL_FAST_MATH = YES;
				ONLY_ACTIVE_ARCH = YES;
				SDKROOT = iphoneos;
				SWIFT_ACTIVE_COMPILATION_CONDITIONS = DEBUG;
				SWIFT_OPTIMIZATION_LEVEL = "-Onone";
			};
			name = Debug;
		};
		6B46FA2B29513D4C000430C7 /* Release */ = {
			isa = XCBuildConfiguration;
			buildSettings = {
				ALWAYS_SEARCH_USER_PATHS = NO;
				CLANG_ANALYZER_NONNULL = YES;
				CLANG_ANALYZER_NUMBER_OBJECT_CONVERSION = YES_AGGRESSIVE;
				CLANG_CXX_LANGUAGE_STANDARD = "gnu++20";
				CLANG_ENABLE_MODULES = YES;
				CLANG_ENABLE_OBJC_ARC = YES;
				CLANG_ENABLE_OBJC_WEAK = YES;
				CLANG_WARN_BLOCK_CAPTURE_AUTORELEASING = YES;
				CLANG_WARN_BOOL_CONVERSION = YES;
				CLANG_WARN_COMMA = YES;
				CLANG_WARN_CONSTANT_CONVERSION = YES;
				CLANG_WARN_DEPRECATED_OBJC_IMPLEMENTATIONS = YES;
				CLANG_WARN_DIRECT_OBJC_ISA_USAGE = YES_ERROR;
				CLANG_WARN_DOCUMENTATION_COMMENTS = YES;
				CLANG_WARN_EMPTY_BODY = YES;
				CLANG_WARN_ENUM_CONVERSION = YES;
				CLANG_WARN_INFINITE_RECURSION = YES;
				CLANG_WARN_INT_CONVERSION = YES;
				CLANG_WARN_NON_LITERAL_NULL_CONVERSION = YES;
				CLANG_WARN_OBJC_IMPLICIT_RETAIN_SELF = YES;
				CLANG_WARN_OBJC_LITERAL_CONVERSION = YES;
				CLANG_WARN_OBJC_ROOT_CLASS = YES_ERROR;
				CLANG_WARN_QUOTED_INCLUDE_IN_FRAMEWORK_HEADER = YES;
				CLANG_WARN_RANGE_LOOP_ANALYSIS = YES;
				CLANG_WARN_STRICT_PROTOTYPES = YES;
				CLANG_WARN_SUSPICIOUS_MOVE = YES;
				CLANG_WARN_UNGUARDED_AVAILABILITY = YES_AGGRESSIVE;
				CLANG_WARN_UNREACHABLE_CODE = YES;
				CLANG_WARN__DUPLICATE_METHOD_MATCH = YES;
				COPY_PHASE_STRIP = NO;
				DEBUG_INFORMATION_FORMAT = "dwarf-with-dsym";
				ENABLE_NS_ASSERTIONS = NO;
				ENABLE_STRICT_OBJC_MSGSEND = YES;
				GCC_C_LANGUAGE_STANDARD = gnu11;
				GCC_NO_COMMON_BLOCKS = YES;
				GCC_WARN_64_TO_32_BIT_CONVERSION = YES;
				GCC_WARN_ABOUT_RETURN_TYPE = YES_ERROR;
				GCC_WARN_UNDECLARED_SELECTOR = YES;
				GCC_WARN_UNINITIALIZED_AUTOS = YES_AGGRESSIVE;
				GCC_WARN_UNUSED_FUNCTION = YES;
				GCC_WARN_UNUSED_VARIABLE = YES;
				IPHONEOS_DEPLOYMENT_TARGET = 16.2;
				MTL_ENABLE_DEBUG_INFO = NO;
				MTL_FAST_MATH = YES;
				SDKROOT = iphoneos;
				SWIFT_COMPILATION_MODE = wholemodule;
				SWIFT_OPTIMIZATION_LEVEL = "-O";
				VALIDATE_PRODUCT = YES;
			};
			name = Release;
		};
		6B46FA2D29513D4C000430C7 /* Debug */ = {
			isa = XCBuildConfiguration;
			buildSettings = {
				ASSETCATALOG_COMPILER_APPICON_NAME = AppIcon;
				ASSETCATALOG_COMPILER_GLOBAL_ACCENT_COLOR_NAME = AccentColor;
				CODE_SIGN_STYLE = Automatic;
				CURRENT_PROJECT_VERSION = 1;
				DEVELOPMENT_TEAM = 65KV6R2AGS;
				GENERATE_INFOPLIST_FILE = YES;
				INFOPLIST_FILE = YeolmokTravel/Info.plist;
				INFOPLIST_KEY_UIApplicationSupportsIndirectInputEvents = YES;
				INFOPLIST_KEY_UILaunchStoryboardName = LaunchScreen;
				INFOPLIST_KEY_UISupportedInterfaceOrientations_iPad = "UIInterfaceOrientationPortrait UIInterfaceOrientationPortraitUpsideDown UIInterfaceOrientationLandscapeLeft UIInterfaceOrientationLandscapeRight";
				INFOPLIST_KEY_UISupportedInterfaceOrientations_iPhone = "UIInterfaceOrientationPortrait UIInterfaceOrientationLandscapeLeft UIInterfaceOrientationLandscapeRight";
				LD_RUNPATH_SEARCH_PATHS = (
					"$(inherited)",
					"@executable_path/Frameworks",
				);
				MARKETING_VERSION = 1.0;
				PRODUCT_BUNDLE_IDENTIFIER = Yeolmok.YeolmokTravel;
				PRODUCT_NAME = "$(TARGET_NAME)";
				SWIFT_EMIT_LOC_STRINGS = YES;
				SWIFT_VERSION = 5.0;
				TARGETED_DEVICE_FAMILY = "1,2";
			};
			name = Debug;
		};
		6B46FA2E29513D4C000430C7 /* Release */ = {
			isa = XCBuildConfiguration;
			buildSettings = {
				ASSETCATALOG_COMPILER_APPICON_NAME = AppIcon;
				ASSETCATALOG_COMPILER_GLOBAL_ACCENT_COLOR_NAME = AccentColor;
				CODE_SIGN_STYLE = Automatic;
				CURRENT_PROJECT_VERSION = 1;
				DEVELOPMENT_TEAM = 65KV6R2AGS;
				GENERATE_INFOPLIST_FILE = YES;
				INFOPLIST_FILE = YeolmokTravel/Info.plist;
				INFOPLIST_KEY_UIApplicationSupportsIndirectInputEvents = YES;
				INFOPLIST_KEY_UILaunchStoryboardName = LaunchScreen;
				INFOPLIST_KEY_UISupportedInterfaceOrientations_iPad = "UIInterfaceOrientationPortrait UIInterfaceOrientationPortraitUpsideDown UIInterfaceOrientationLandscapeLeft UIInterfaceOrientationLandscapeRight";
				INFOPLIST_KEY_UISupportedInterfaceOrientations_iPhone = "UIInterfaceOrientationPortrait UIInterfaceOrientationLandscapeLeft UIInterfaceOrientationLandscapeRight";
				LD_RUNPATH_SEARCH_PATHS = (
					"$(inherited)",
					"@executable_path/Frameworks",
				);
				MARKETING_VERSION = 1.0;
				PRODUCT_BUNDLE_IDENTIFIER = Yeolmok.YeolmokTravel;
				PRODUCT_NAME = "$(TARGET_NAME)";
				SWIFT_EMIT_LOC_STRINGS = YES;
				SWIFT_VERSION = 5.0;
				TARGETED_DEVICE_FAMILY = "1,2";
			};
			name = Release;
		};
		6B46FA3029513D4C000430C7 /* Debug */ = {
			isa = XCBuildConfiguration;
			buildSettings = {
				ALWAYS_EMBED_SWIFT_STANDARD_LIBRARIES = YES;
				BUNDLE_LOADER = "$(TEST_HOST)";
				CODE_SIGN_STYLE = Automatic;
				CURRENT_PROJECT_VERSION = 1;
				DEVELOPMENT_TEAM = 65KV6R2AGS;
				GENERATE_INFOPLIST_FILE = YES;
				IPHONEOS_DEPLOYMENT_TARGET = 16.2;
				MARKETING_VERSION = 1.0;
				PRODUCT_BUNDLE_IDENTIFIER = Yeolmok.YeolmokTravelTests;
				PRODUCT_NAME = "$(TARGET_NAME)";
				SWIFT_EMIT_LOC_STRINGS = NO;
				SWIFT_VERSION = 5.0;
				TARGETED_DEVICE_FAMILY = "1,2";
				TEST_HOST = "$(BUILT_PRODUCTS_DIR)/YeolmokTravel.app/$(BUNDLE_EXECUTABLE_FOLDER_PATH)/YeolmokTravel";
			};
			name = Debug;
		};
		6B46FA3129513D4C000430C7 /* Release */ = {
			isa = XCBuildConfiguration;
			buildSettings = {
				ALWAYS_EMBED_SWIFT_STANDARD_LIBRARIES = YES;
				BUNDLE_LOADER = "$(TEST_HOST)";
				CODE_SIGN_STYLE = Automatic;
				CURRENT_PROJECT_VERSION = 1;
				DEVELOPMENT_TEAM = 65KV6R2AGS;
				GENERATE_INFOPLIST_FILE = YES;
				IPHONEOS_DEPLOYMENT_TARGET = 16.2;
				MARKETING_VERSION = 1.0;
				PRODUCT_BUNDLE_IDENTIFIER = Yeolmok.YeolmokTravelTests;
				PRODUCT_NAME = "$(TARGET_NAME)";
				SWIFT_EMIT_LOC_STRINGS = NO;
				SWIFT_VERSION = 5.0;
				TARGETED_DEVICE_FAMILY = "1,2";
				TEST_HOST = "$(BUILT_PRODUCTS_DIR)/YeolmokTravel.app/$(BUNDLE_EXECUTABLE_FOLDER_PATH)/YeolmokTravel";
			};
			name = Release;
		};
		6B46FA3329513D4C000430C7 /* Debug */ = {
			isa = XCBuildConfiguration;
			buildSettings = {
				ALWAYS_EMBED_SWIFT_STANDARD_LIBRARIES = YES;
				CODE_SIGN_STYLE = Automatic;
				CURRENT_PROJECT_VERSION = 1;
				DEVELOPMENT_TEAM = 65KV6R2AGS;
				GENERATE_INFOPLIST_FILE = YES;
				MARKETING_VERSION = 1.0;
				PRODUCT_BUNDLE_IDENTIFIER = Yeolmok.YeolmokTravelUITests;
				PRODUCT_NAME = "$(TARGET_NAME)";
				SWIFT_EMIT_LOC_STRINGS = NO;
				SWIFT_VERSION = 5.0;
				TARGETED_DEVICE_FAMILY = "1,2";
				TEST_TARGET_NAME = YeolmokTravel;
			};
			name = Debug;
		};
		6B46FA3429513D4C000430C7 /* Release */ = {
			isa = XCBuildConfiguration;
			buildSettings = {
				ALWAYS_EMBED_SWIFT_STANDARD_LIBRARIES = YES;
				CODE_SIGN_STYLE = Automatic;
				CURRENT_PROJECT_VERSION = 1;
				DEVELOPMENT_TEAM = 65KV6R2AGS;
				GENERATE_INFOPLIST_FILE = YES;
				MARKETING_VERSION = 1.0;
				PRODUCT_BUNDLE_IDENTIFIER = Yeolmok.YeolmokTravelUITests;
				PRODUCT_NAME = "$(TARGET_NAME)";
				SWIFT_EMIT_LOC_STRINGS = NO;
				SWIFT_VERSION = 5.0;
				TARGETED_DEVICE_FAMILY = "1,2";
				TEST_TARGET_NAME = YeolmokTravel;
			};
			name = Release;
		};
/* End XCBuildConfiguration section */

/* Begin XCConfigurationList section */
		6B46F9FD29513D4A000430C7 /* Build configuration list for PBXProject "YeolmokTravel" */ = {
			isa = XCConfigurationList;
			buildConfigurations = (
				6B46FA2A29513D4C000430C7 /* Debug */,
				6B46FA2B29513D4C000430C7 /* Release */,
			);
			defaultConfigurationIsVisible = 0;
			defaultConfigurationName = Release;
		};
		6B46FA2C29513D4C000430C7 /* Build configuration list for PBXNativeTarget "YeolmokTravel" */ = {
			isa = XCConfigurationList;
			buildConfigurations = (
				6B46FA2D29513D4C000430C7 /* Debug */,
				6B46FA2E29513D4C000430C7 /* Release */,
			);
			defaultConfigurationIsVisible = 0;
			defaultConfigurationName = Release;
		};
		6B46FA2F29513D4C000430C7 /* Build configuration list for PBXNativeTarget "YeolmokTravelTests" */ = {
			isa = XCConfigurationList;
			buildConfigurations = (
				6B46FA3029513D4C000430C7 /* Debug */,
				6B46FA3129513D4C000430C7 /* Release */,
			);
			defaultConfigurationIsVisible = 0;
			defaultConfigurationName = Release;
		};
		6B46FA3229513D4C000430C7 /* Build configuration list for PBXNativeTarget "YeolmokTravelUITests" */ = {
			isa = XCConfigurationList;
			buildConfigurations = (
				6B46FA3329513D4C000430C7 /* Debug */,
				6B46FA3429513D4C000430C7 /* Release */,
			);
			defaultConfigurationIsVisible = 0;
			defaultConfigurationName = Release;
		};
/* End XCConfigurationList section */

/* Begin XCRemoteSwiftPackageReference section */
		6B14F94D2955E4F50055C45D /* XCRemoteSwiftPackageReference "JGProgressHUD" */ = {
			isa = XCRemoteSwiftPackageReference;
			repositoryURL = "https://github.com/JonasGessner/JGProgressHUD.git";
			requirement = {
				kind = upToNextMajorVersion;
				minimumVersion = 2.0.0;
			};
		};
		6B17E31629575BA800AF59EE /* XCRemoteSwiftPackageReference "firebase-ios-sdk" */ = {
			isa = XCRemoteSwiftPackageReference;
			repositoryURL = "https://github.com/firebase/firebase-ios-sdk";
			requirement = {
				kind = upToNextMajorVersion;
				minimumVersion = 9.0.0;
			};
		};
		6B37A4A229515C4D00BBB8EE /* XCRemoteSwiftPackageReference "SnapKit" */ = {
			isa = XCRemoteSwiftPackageReference;
			repositoryURL = "https://github.com/SnapKit/SnapKit.git";
			requirement = {
				kind = upToNextMajorVersion;
				minimumVersion = 5.0.1;
			};
		};
/* End XCRemoteSwiftPackageReference section */

/* Begin XCSwiftPackageProductDependency section */
		6B14F94E2955E4F50055C45D /* JGProgressHUD */ = {
			isa = XCSwiftPackageProductDependency;
			package = 6B14F94D2955E4F50055C45D /* XCRemoteSwiftPackageReference "JGProgressHUD" */;
			productName = JGProgressHUD;
		};
		6B17E31729575BA800AF59EE /* FirebaseFirestore */ = {
			isa = XCSwiftPackageProductDependency;
			package = 6B17E31629575BA800AF59EE /* XCRemoteSwiftPackageReference "firebase-ios-sdk" */;
			productName = FirebaseFirestore;
		};
		6B17E31929575BA800AF59EE /* FirebaseStorage */ = {
			isa = XCSwiftPackageProductDependency;
			package = 6B17E31629575BA800AF59EE /* XCRemoteSwiftPackageReference "firebase-ios-sdk" */;
			productName = FirebaseStorage;
		};
		6B37A4A329515C4E00BBB8EE /* SnapKit */ = {
			isa = XCSwiftPackageProductDependency;
			package = 6B37A4A229515C4D00BBB8EE /* XCRemoteSwiftPackageReference "SnapKit" */;
			productName = SnapKit;
		};
/* End XCSwiftPackageProductDependency section */
	};
	rootObject = 6B46F9FA29513D4A000430C7 /* Project object */;
}
